// !$*UTF8*$!
{
	archiveVersion = 1;
	classes = {
	};
	objectVersion = 46;
	objects = {

/* Begin PBXBuildFile section */
		2D0C2CF51B07E2F8001D6E9B /* ContactUsViewController.m in Sources */ = {isa = PBXBuildFile; fileRef = 2D0C2CF41B07E2F8001D6E9B /* ContactUsViewController.m */; };
		2D0C2CFB1B07F134001D6E9B /* RegisterViewController.m in Sources */ = {isa = PBXBuildFile; fileRef = 2D0C2CFA1B07F134001D6E9B /* RegisterViewController.m */; };
		2D1F54321C9E285400BC2261 /* LaunchImage-1242.png in Resources */ = {isa = PBXBuildFile; fileRef = 2D1F54311C9E285400BC2261 /* LaunchImage-1242.png */; };
		2D236B041C115DA900CDE1F7 /* SendMessage.m in Sources */ = {isa = PBXBuildFile; fileRef = 2D236B031C115DA900CDE1F7 /* SendMessage.m */; };
		2D292F661C9DC606000B6A14 /* walk_one.png in Resources */ = {isa = PBXBuildFile; fileRef = 2D292F651C9DC606000B6A14 /* walk_one.png */; };
		2D2BA08A1C80EF01001DC30E /* calendar-plus.png in Resources */ = {isa = PBXBuildFile; fileRef = 2D2BA0891C80EF01001DC30E /* calendar-plus.png */; };
		2D2BA08E1C80F1E9001DC30E /* AddEventViewController.m in Sources */ = {isa = PBXBuildFile; fileRef = 2D2BA08D1C80F1E9001DC30E /* AddEventViewController.m */; };
		2D2E7D0C1C3C4601002C3886 /* libsqlite3.0.tbd in Frameworks */ = {isa = PBXBuildFile; fileRef = 2D2E7D0B1C3C4601002C3886 /* libsqlite3.0.tbd */; };
		2D2E7D0F1C3C469B002C3886 /* SqlData.m in Sources */ = {isa = PBXBuildFile; fileRef = 2D2E7D0E1C3C469B002C3886 /* SqlData.m */; };
		2D3240741C2F3A0800E4E59B /* RndMessagesViewController.m in Sources */ = {isa = PBXBuildFile; fileRef = 2D3240731C2F3A0800E4E59B /* RndMessagesViewController.m */; };
		2D3240781C2F51F800E4E59B /* TextMessageTableViewCell.m in Sources */ = {isa = PBXBuildFile; fileRef = 2D3240761C2F51F800E4E59B /* TextMessageTableViewCell.m */; };
		2D3240791C2F51F800E4E59B /* TextMessageTableViewCell.xib in Resources */ = {isa = PBXBuildFile; fileRef = 2D3240771C2F51F800E4E59B /* TextMessageTableViewCell.xib */; };
		2D32407D1C2F520F00E4E59B /* ImageMessageTableViewCell.m in Sources */ = {isa = PBXBuildFile; fileRef = 2D32407B1C2F520F00E4E59B /* ImageMessageTableViewCell.m */; };
		2D32407E1C2F520F00E4E59B /* ImageMessageTableViewCell.xib in Resources */ = {isa = PBXBuildFile; fileRef = 2D32407C1C2F520F00E4E59B /* ImageMessageTableViewCell.xib */; };
		2D3240851C2FB06F00E4E59B /* MessageTableViewCell.m in Sources */ = {isa = PBXBuildFile; fileRef = 2D3240841C2FB06F00E4E59B /* MessageTableViewCell.m */; };
		2D3316081C8D01B2009A3C70 /* walk_five.png in Resources */ = {isa = PBXBuildFile; fileRef = 2D3316031C8D01B2009A3C70 /* walk_five.png */; };
		2D3316091C8D01B2009A3C70 /* walk_four.png in Resources */ = {isa = PBXBuildFile; fileRef = 2D3316041C8D01B2009A3C70 /* walk_four.png */; };
		2D33160B1C8D01B2009A3C70 /* walk_three.png in Resources */ = {isa = PBXBuildFile; fileRef = 2D3316061C8D01B2009A3C70 /* walk_three.png */; };
		2D33160C1C8D01B2009A3C70 /* walk_two.png in Resources */ = {isa = PBXBuildFile; fileRef = 2D3316071C8D01B2009A3C70 /* walk_two.png */; };
		2D343EB91C60692600587D19 /* menu.png in Resources */ = {isa = PBXBuildFile; fileRef = 2D343EB81C60692600587D19 /* menu.png */; };
		2D3756551C8E933500524936 /* calendar-multiple.png in Resources */ = {isa = PBXBuildFile; fileRef = 2D3756531C8E933500524936 /* calendar-multiple.png */; };
		2D3756561C8E933500524936 /* note-text.png in Resources */ = {isa = PBXBuildFile; fileRef = 2D3756541C8E933500524936 /* note-text.png */; };
		2D381E3C1C876508007E6116 /* flag-variant.png in Resources */ = {isa = PBXBuildFile; fileRef = 2D381E3B1C876508007E6116 /* flag-variant.png */; };
		2D3CDB891C97BFE300D8A2F5 /* currency-usd.png in Resources */ = {isa = PBXBuildFile; fileRef = 2D3CDB881C97BFE300D8A2F5 /* currency-usd.png */; };
		2D44B8891D401022004A9656 /* bandcamp.png in Resources */ = {isa = PBXBuildFile; fileRef = 2D44B8881D401022004A9656 /* bandcamp.png */; };
		2D4AC7E21B22BC6400749074 /* LaunchImage.png in Resources */ = {isa = PBXBuildFile; fileRef = 2D4AC7E11B22BC6400749074 /* LaunchImage.png */; };
		2D4AC7E41B22BCAC00749074 /* LaunchImage_750.png in Resources */ = {isa = PBXBuildFile; fileRef = 2D4AC7E31B22BCAC00749074 /* LaunchImage_750.png */; };
		2D4AC7E61B22BD6100749074 /* LaunchImage_640.png in Resources */ = {isa = PBXBuildFile; fileRef = 2D4AC7E51B22BD6100749074 /* LaunchImage_640.png */; };
		2D4AC7E81B22BDBD00749074 /* LaunchImage_640_2.png in Resources */ = {isa = PBXBuildFile; fileRef = 2D4AC7E71B22BDBD00749074 /* LaunchImage_640_2.png */; };
		2D4AC7EA1B22BE2900749074 /* TextMuseIcon_58.png in Resources */ = {isa = PBXBuildFile; fileRef = 2D4AC7E91B22BE2900749074 /* TextMuseIcon_58.png */; };
		2D4AC7EC1B22BE5700749074 /* TextMuseIcon_87.png in Resources */ = {isa = PBXBuildFile; fileRef = 2D4AC7EB1B22BE5700749074 /* TextMuseIcon_87.png */; };
		2D8D26B91C79586900C13F49 /* image.png in Resources */ = {isa = PBXBuildFile; fileRef = 2D8D26B81C79586900C13F49 /* image.png */; };
		2D9D11F91BB2005300C679D1 /* LaunchImage_320.png in Resources */ = {isa = PBXBuildFile; fileRef = 2D9D11F81BB2005300C679D1 /* LaunchImage_320.png */; };
		2DB99F531AF744C400CE8E04 /* ChoosePhoneView.m in Sources */ = {isa = PBXBuildFile; fileRef = 2DB99F521AF744C400CE8E04 /* ChoosePhoneView.m */; };
		2DC52F021B0846C300E95D15 /* BirthPickerView.m in Sources */ = {isa = PBXBuildFile; fileRef = 2DC52F011B0846C300E95D15 /* BirthPickerView.m */; };
		2DC612031AF2E300000896EA /* AddMemberView.m in Sources */ = {isa = PBXBuildFile; fileRef = 2DC612021AF2E300000896EA /* AddMemberView.m */; };
		2DC624B31AF1FF51006E806C /* greyHighlighter.png in Resources */ = {isa = PBXBuildFile; fileRef = 2DC624B01AF1FF51006E806C /* greyHighlighter.png */; };
		2DC624B51AF1FF51006E806C /* yellowHighlighter.png in Resources */ = {isa = PBXBuildFile; fileRef = 2DC624B21AF1FF51006E806C /* yellowHighlighter.png */; };
		2DC6253E1AF2F92400D23CE8 /* MemberTableData.m in Sources */ = {isa = PBXBuildFile; fileRef = 2DC6253D1AF2F92400D23CE8 /* MemberTableData.m */; };
		2DC636B41B17CDE60087376D /* TextMuseIcon_2x.png in Resources */ = {isa = PBXBuildFile; fileRef = 2DC636B11B17CDE60087376D /* TextMuseIcon_2x.png */; };
		2DC636B51B17CDE60087376D /* TextMuseIcon_3x.png in Resources */ = {isa = PBXBuildFile; fileRef = 2DC636B21B17CDE60087376D /* TextMuseIcon_3x.png */; };
		2DC636B81B17CF700087376D /* TextMuseIcon_80.png in Resources */ = {isa = PBXBuildFile; fileRef = 2DC636B71B17CF700087376D /* TextMuseIcon_80.png */; };
		2DC6523C1AF081A500B0912F /* GroupsViewController.m in Sources */ = {isa = PBXBuildFile; fileRef = 2DC6523B1AF081A500B0912F /* GroupsViewController.m */; };
		2DC6523F1AF09D4700B0912F /* ShowGroupViewController.m in Sources */ = {isa = PBXBuildFile; fileRef = 2DC6523E1AF09D4700B0912F /* ShowGroupViewController.m */; };
		2DC697481B829022001ACC24 /* SkinInfo.m in Sources */ = {isa = PBXBuildFile; fileRef = 2DC697471B829022001ACC24 /* SkinInfo.m */; };
		2DC6EC671B18208400C527BA /* TransparentButterfly.png in Resources */ = {isa = PBXBuildFile; fileRef = 2DC6EC661B18208400C527BA /* TransparentButterfly.png */; };
		2DC75F871BA141A90025AB8A /* LaunchImage-568h.png in Resources */ = {isa = PBXBuildFile; fileRef = 2DC75F851BA141A90025AB8A /* LaunchImage-568h.png */; };
		2DC75F881BA141A90025AB8A /* LaunchImage-568h@2x.png in Resources */ = {isa = PBXBuildFile; fileRef = 2DC75F861BA141A90025AB8A /* LaunchImage-568h@2x.png */; };
		2DC760531B84328300FFF404 /* ChooseSkinView.m in Sources */ = {isa = PBXBuildFile; fileRef = 2DC760521B84328300FFF404 /* ChooseSkinView.m */; };
		2DC959081AFBAED000BAB0A7 /* ImageUtil.m in Sources */ = {isa = PBXBuildFile; fileRef = 2DC959071AFBAED000BAB0A7 /* ImageUtil.m */; };
		2DCA58F11B6E8F670011FCDB /* UIKit.framework in Frameworks */ = {isa = PBXBuildFile; fileRef = 2DCA58F01B6E8F670011FCDB /* UIKit.framework */; };
		2DCA58F51B6EA53D0011FCDB /* YTPlayerView.m in Sources */ = {isa = PBXBuildFile; fileRef = 2DCA58F41B6EA53D0011FCDB /* YTPlayerView.m */; };
		2DCA58F71B6EA54D0011FCDB /* Assets in Resources */ = {isa = PBXBuildFile; fileRef = 2DCA58F61B6EA54D0011FCDB /* Assets */; };
		2DCA59061B6ECB260011FCDB /* UISuggestionButton.m in Sources */ = {isa = PBXBuildFile; fileRef = 2DCA59051B6ECB260011FCDB /* UISuggestionButton.m */; };
		2DCA7A061B58530000698E97 /* text.xml in Resources */ = {isa = PBXBuildFile; fileRef = 2DCA7A051B58530000698E97 /* text.xml */; };
		2DCDFC451AEC7F4C002DA914 /* bluebackarrow.png in Resources */ = {isa = PBXBuildFile; fileRef = 2DCDFC411AEC7F4C002DA914 /* bluebackarrow.png */; };
		2DCDFC461AEC7F4C002DA914 /* bluecheck.png in Resources */ = {isa = PBXBuildFile; fileRef = 2DCDFC421AEC7F4C002DA914 /* bluecheck.png */; };
		2DCDFC471AEC7F4C002DA914 /* emptycheck.png in Resources */ = {isa = PBXBuildFile; fileRef = 2DCDFC431AEC7F4C002DA914 /* emptycheck.png */; };
		2DCDFC481AEC7F4C002DA914 /* rightfacingsmallarrow.png in Resources */ = {isa = PBXBuildFile; fileRef = 2DCDFC441AEC7F4C002DA914 /* rightfacingsmallarrow.png */; };
		2DCDFC4B1AEC98EB002DA914 /* UICheckButton.m in Sources */ = {isa = PBXBuildFile; fileRef = 2DCDFC4A1AEC98EB002DA914 /* UICheckButton.m */; };
		2DCDFC531AECAA80002DA914 /* SettingsViewController.m in Sources */ = {isa = PBXBuildFile; fileRef = 2DCDFC521AECAA80002DA914 /* SettingsViewController.m */; };
		2DE191D71BAE6B1D004489C9 /* WindowsAzureMobileServices.framework in Frameworks */ = {isa = PBXBuildFile; fileRef = 2DE191D61BAE6B1D004489C9 /* WindowsAzureMobileServices.framework */; };
		2DE191D91BAE6C09004489C9 /* WindowsAzureMessaging.framework in Frameworks */ = {isa = PBXBuildFile; fileRef = 2DE191D81BAE6C09004489C9 /* WindowsAzureMessaging.framework */; };
		2DE627EF1C3B15A200F3BE36 /* UICaptionButton.m in Sources */ = {isa = PBXBuildFile; fileRef = 2DE627EE1C3B15A200F3BE36 /* UICaptionButton.m */; };
		2DEB7E6E1C9A7B2800A91F8E /* account-multiple.png in Resources */ = {isa = PBXBuildFile; fileRef = 2DEB7E6D1C9A7B2800A91F8E /* account-multiple.png */; };
		2DEB7E701C9A7B8D00A91F8E /* home.png in Resources */ = {isa = PBXBuildFile; fileRef = 2DEB7E6F1C9A7B8D00A91F8E /* home.png */; };
		2DED1C8F1C1E95D400D6C465 /* TextMuseButton.png in Resources */ = {isa = PBXBuildFile; fileRef = 2DED1C8E1C1E95D400D6C465 /* TextMuseButton.png */; };
		2DF0804E1AE625410003A277 /* main.m in Sources */ = {isa = PBXBuildFile; fileRef = 2DF0804D1AE625410003A277 /* main.m */; };
		2DF080591AE625410003A277 /* Images.xcassets in Resources */ = {isa = PBXBuildFile; fileRef = 2DF080581AE625410003A277 /* Images.xcassets */; };
		2DF080681AE625410003A277 /* TextMuse3Tests.m in Sources */ = {isa = PBXBuildFile; fileRef = 2DF080671AE625410003A277 /* TextMuse3Tests.m */; };
		2DF080741AE6257D0003A277 /* Localizable.strings in Resources */ = {isa = PBXBuildFile; fileRef = 2DF080731AE6257D0003A277 /* Localizable.strings */; };
		2DF080A41AE625FC0003A277 /* AppDelegate.m in Sources */ = {isa = PBXBuildFile; fileRef = 2DF080761AE625FC0003A277 /* AppDelegate.m */; };
		2DF080A51AE625FC0003A277 /* blackleftquote.png in Resources */ = {isa = PBXBuildFile; fileRef = 2DF080771AE625FC0003A277 /* blackleftquote.png */; };
		2DF080A61AE625FC0003A277 /* blackrightquote.png in Resources */ = {isa = PBXBuildFile; fileRef = 2DF080781AE625FC0003A277 /* blackrightquote.png */; };
		2DF080A71AE625FC0003A277 /* CategoriesTableViewCell.m in Sources */ = {isa = PBXBuildFile; fileRef = 2DF0807A1AE625FC0003A277 /* CategoriesTableViewCell.m */; };
		2DF080A81AE625FC0003A277 /* CategoriesTableViewCell.xib in Resources */ = {isa = PBXBuildFile; fileRef = 2DF0807B1AE625FC0003A277 /* CategoriesTableViewCell.xib */; };
		2DF080A91AE625FC0003A277 /* CategoriesViewController.m in Sources */ = {isa = PBXBuildFile; fileRef = 2DF0807D1AE625FC0003A277 /* CategoriesViewController.m */; };
		2DF080AA1AE625FC0003A277 /* ContactsTableViewController.m in Sources */ = {isa = PBXBuildFile; fileRef = 2DF0807F1AE625FC0003A277 /* ContactsTableViewController.m */; };
		2DF080AB1AE625FC0003A277 /* DataAccess.m in Sources */ = {isa = PBXBuildFile; fileRef = 2DF080811AE625FC0003A277 /* DataAccess.m */; };
		2DF080AC1AE625FC0003A277 /* gear.png in Resources */ = {isa = PBXBuildFile; fileRef = 2DF080821AE625FC0003A277 /* gear.png */; };
		2DF080AD1AE625FC0003A277 /* GlobalState.m in Sources */ = {isa = PBXBuildFile; fileRef = 2DF080841AE625FC0003A277 /* GlobalState.m */; };
		2DF080AF1AE625FC0003A277 /* ImageDownloader.m in Sources */ = {isa = PBXBuildFile; fileRef = 2DF080871AE625FC0003A277 /* ImageDownloader.m */; };
		2DF080B01AE625FC0003A277 /* largebluebubble.png in Resources */ = {isa = PBXBuildFile; fileRef = 2DF080881AE625FC0003A277 /* largebluebubble.png */; };
		2DF080B11AE625FC0003A277 /* largegreenbubble.png in Resources */ = {isa = PBXBuildFile; fileRef = 2DF080891AE625FC0003A277 /* largegreenbubble.png */; };
		2DF080B21AE625FC0003A277 /* largeorangebubble.png in Resources */ = {isa = PBXBuildFile; fileRef = 2DF0808A1AE625FC0003A277 /* largeorangebubble.png */; };
		2DF080B31AE625FC0003A277 /* Lato-Light.ttf in Resources */ = {isa = PBXBuildFile; fileRef = 2DF0808B1AE625FC0003A277 /* Lato-Light.ttf */; };
		2DF080B41AE625FC0003A277 /* Lato-Medium.ttf in Resources */ = {isa = PBXBuildFile; fileRef = 2DF0808C1AE625FC0003A277 /* Lato-Medium.ttf */; };
		2DF080B51AE625FC0003A277 /* Lato-Regular.ttf in Resources */ = {isa = PBXBuildFile; fileRef = 2DF0808D1AE625FC0003A277 /* Lato-Regular.ttf */; };
		2DF080B61AE625FC0003A277 /* Message.m in Sources */ = {isa = PBXBuildFile; fileRef = 2DF0808F1AE625FC0003A277 /* Message.m */; };
		2DF080B71AE625FC0003A277 /* MessageCategory.m in Sources */ = {isa = PBXBuildFile; fileRef = 2DF080911AE625FC0003A277 /* MessageCategory.m */; };
		2DF080B81AE625FC0003A277 /* MessagesViewController.m in Sources */ = {isa = PBXBuildFile; fileRef = 2DF080931AE625FC0003A277 /* MessagesViewController.m */; };
		2DF080B91AE625FC0003A277 /* MessageView.m in Sources */ = {isa = PBXBuildFile; fileRef = 2DF080951AE625FC0003A277 /* MessageView.m */; };
		2DF080BA1AE625FC0003A277 /* Reachability.m in Sources */ = {isa = PBXBuildFile; fileRef = 2DF080971AE625FC0003A277 /* Reachability.m */; };
		2DF080BB1AE625FC0003A277 /* Settings.m in Sources */ = {isa = PBXBuildFile; fileRef = 2DF080991AE625FC0003A277 /* Settings.m */; };
		2DF080BC1AE625FC0003A277 /* SponsorInfo.m in Sources */ = {isa = PBXBuildFile; fileRef = 2DF0809B1AE625FC0003A277 /* SponsorInfo.m */; };
		2DF080BD1AE625FC0003A277 /* TextMuse.jpg in Resources */ = {isa = PBXBuildFile; fileRef = 2DF0809C1AE625FC0003A277 /* TextMuse.jpg */; };
		2DF080BE1AE625FC0003A277 /* UserContact.m in Sources */ = {isa = PBXBuildFile; fileRef = 2DF0809E1AE625FC0003A277 /* UserContact.m */; };
		2DF080BF1AE625FC0003A277 /* UserPhone.m in Sources */ = {isa = PBXBuildFile; fileRef = 2DF080A01AE625FC0003A277 /* UserPhone.m */; };
		2DF080C01AE625FC0003A277 /* whitecategorybubble.png in Resources */ = {isa = PBXBuildFile; fileRef = 2DF080A11AE625FC0003A277 /* whitecategorybubble.png */; };
		2DF080C11AE625FC0003A277 /* whitecategoryleftquote.png in Resources */ = {isa = PBXBuildFile; fileRef = 2DF080A21AE625FC0003A277 /* whitecategoryleftquote.png */; };
		2DF080C21AE625FC0003A277 /* whitecategoryrightquote.png in Resources */ = {isa = PBXBuildFile; fileRef = 2DF080A31AE625FC0003A277 /* whitecategoryrightquote.png */; };
		2DF080CC1AE626E10003A277 /* Main.storyboard in Resources */ = {isa = PBXBuildFile; fileRef = 2DF080CA1AE626E10003A277 /* Main.storyboard */; };
		2DF127271C44D6A500DBB3DE /* FLAnimatedImage.m in Sources */ = {isa = PBXBuildFile; fileRef = 2DF127261C44D6A500DBB3DE /* FLAnimatedImage.m */; };
		2DF1272A1C44D6C600DBB3DE /* FLAnimatedImageView.m in Sources */ = {isa = PBXBuildFile; fileRef = 2DF127291C44D6C600DBB3DE /* FLAnimatedImageView.m */; };
		2DF67BDB1C4CA7A800329DC8 /* greyheart.png in Resources */ = {isa = PBXBuildFile; fileRef = 2DF67BD01C4CA7A800329DC8 /* greyheart.png */; };
		2DF67BDC1C4CA7A800329DC8 /* heart_black.png in Resources */ = {isa = PBXBuildFile; fileRef = 2DF67BD11C4CA7A800329DC8 /* heart_black.png */; };
		2DF67BDD1C4CA7A800329DC8 /* heart_red.png in Resources */ = {isa = PBXBuildFile; fileRef = 2DF67BD21C4CA7A800329DC8 /* heart_red.png */; };
		2DF67BDF1C4CA7A800329DC8 /* link.png in Resources */ = {isa = PBXBuildFile; fileRef = 2DF67BD41C4CA7A800329DC8 /* link.png */; };
		2DF67BE01C4CA7A800329DC8 /* open-in-new.png in Resources */ = {isa = PBXBuildFile; fileRef = 2DF67BD51C4CA7A800329DC8 /* open-in-new.png */; };
		2DF67BE11C4CA7A800329DC8 /* pin_black.png in Resources */ = {isa = PBXBuildFile; fileRef = 2DF67BD61C4CA7A800329DC8 /* pin_black.png */; };
		2DF67BE21C4CA7A800329DC8 /* pin_grey.png in Resources */ = {isa = PBXBuildFile; fileRef = 2DF67BD71C4CA7A800329DC8 /* pin_grey.png */; };
		2DF67BE31C4CA7A800329DC8 /* pin_red.png in Resources */ = {isa = PBXBuildFile; fileRef = 2DF67BD81C4CA7A800329DC8 /* pin_red.png */; };
		2DF67BE41C4CA7A800329DC8 /* send.png in Resources */ = {isa = PBXBuildFile; fileRef = 2DF67BD91C4CA7A800329DC8 /* send.png */; };
		2DF67BE71C4CA89200329DC8 /* heart_dkgrey.png in Resources */ = {isa = PBXBuildFile; fileRef = 2DF67BE51C4CA89200329DC8 /* heart_dkgrey.png */; };
		2DF67BE81C4CA89200329DC8 /* pin_dkgrey.png in Resources */ = {isa = PBXBuildFile; fileRef = 2DF67BE61C4CA89200329DC8 /* pin_dkgrey.png */; };
/* End PBXBuildFile section */

/* Begin PBXContainerItemProxy section */
		2DF080621AE625410003A277 /* PBXContainerItemProxy */ = {
			isa = PBXContainerItemProxy;
			containerPortal = 2DF080401AE625410003A277 /* Project object */;
			proxyType = 1;
			remoteGlobalIDString = 2DF080471AE625410003A277;
			remoteInfo = TextMuse3;
		};
/* End PBXContainerItemProxy section */

/* Begin PBXFileReference section */
		2D0C2CF31B07E2F8001D6E9B /* ContactUsViewController.h */ = {isa = PBXFileReference; fileEncoding = 4; lastKnownFileType = sourcecode.c.h; path = ContactUsViewController.h; sourceTree = "<group>"; };
		2D0C2CF41B07E2F8001D6E9B /* ContactUsViewController.m */ = {isa = PBXFileReference; fileEncoding = 4; lastKnownFileType = sourcecode.c.objc; path = ContactUsViewController.m; sourceTree = "<group>"; };
		2D0C2CF91B07F134001D6E9B /* RegisterViewController.h */ = {isa = PBXFileReference; fileEncoding = 4; lastKnownFileType = sourcecode.c.h; path = RegisterViewController.h; sourceTree = "<group>"; };
		2D0C2CFA1B07F134001D6E9B /* RegisterViewController.m */ = {isa = PBXFileReference; fileEncoding = 4; lastKnownFileType = sourcecode.c.objc; path = RegisterViewController.m; sourceTree = "<group>"; };
		2D1F54311C9E285400BC2261 /* LaunchImage-1242.png */ = {isa = PBXFileReference; lastKnownFileType = image.png; path = "LaunchImage-1242.png"; sourceTree = "<group>"; };
		2D236B021C115DA900CDE1F7 /* SendMessage.h */ = {isa = PBXFileReference; fileEncoding = 4; lastKnownFileType = sourcecode.c.h; path = SendMessage.h; sourceTree = "<group>"; };
		2D236B031C115DA900CDE1F7 /* SendMessage.m */ = {isa = PBXFileReference; fileEncoding = 4; lastKnownFileType = sourcecode.c.objc; path = SendMessage.m; sourceTree = "<group>"; };
		2D292F651C9DC606000B6A14 /* walk_one.png */ = {isa = PBXFileReference; lastKnownFileType = image.png; path = walk_one.png; sourceTree = "<group>"; };
		2D2BA0891C80EF01001DC30E /* calendar-plus.png */ = {isa = PBXFileReference; lastKnownFileType = image.png; path = "calendar-plus.png"; sourceTree = "<group>"; };
		2D2BA08C1C80F1E9001DC30E /* AddEventViewController.h */ = {isa = PBXFileReference; fileEncoding = 4; lastKnownFileType = sourcecode.c.h; path = AddEventViewController.h; sourceTree = "<group>"; };
		2D2BA08D1C80F1E9001DC30E /* AddEventViewController.m */ = {isa = PBXFileReference; fileEncoding = 4; lastKnownFileType = sourcecode.c.objc; path = AddEventViewController.m; sourceTree = "<group>"; };
		2D2E7D0B1C3C4601002C3886 /* libsqlite3.0.tbd */ = {isa = PBXFileReference; lastKnownFileType = "sourcecode.text-based-dylib-definition"; name = libsqlite3.0.tbd; path = usr/lib/libsqlite3.0.tbd; sourceTree = SDKROOT; };
		2D2E7D0D1C3C469B002C3886 /* SqlData.h */ = {isa = PBXFileReference; fileEncoding = 4; lastKnownFileType = sourcecode.c.h; path = SqlData.h; sourceTree = "<group>"; };
		2D2E7D0E1C3C469B002C3886 /* SqlData.m */ = {isa = PBXFileReference; fileEncoding = 4; lastKnownFileType = sourcecode.c.objc; path = SqlData.m; sourceTree = "<group>"; };
		2D3240721C2F3A0800E4E59B /* RndMessagesViewController.h */ = {isa = PBXFileReference; fileEncoding = 4; lastKnownFileType = sourcecode.c.h; path = RndMessagesViewController.h; sourceTree = "<group>"; };
		2D3240731C2F3A0800E4E59B /* RndMessagesViewController.m */ = {isa = PBXFileReference; fileEncoding = 4; lastKnownFileType = sourcecode.c.objc; path = RndMessagesViewController.m; sourceTree = "<group>"; };
		2D3240751C2F51F800E4E59B /* TextMessageTableViewCell.h */ = {isa = PBXFileReference; fileEncoding = 4; lastKnownFileType = sourcecode.c.h; path = TextMessageTableViewCell.h; sourceTree = "<group>"; };
		2D3240761C2F51F800E4E59B /* TextMessageTableViewCell.m */ = {isa = PBXFileReference; fileEncoding = 4; lastKnownFileType = sourcecode.c.objc; path = TextMessageTableViewCell.m; sourceTree = "<group>"; };
		2D3240771C2F51F800E4E59B /* TextMessageTableViewCell.xib */ = {isa = PBXFileReference; fileEncoding = 4; lastKnownFileType = file.xib; path = TextMessageTableViewCell.xib; sourceTree = "<group>"; };
		2D32407A1C2F520F00E4E59B /* ImageMessageTableViewCell.h */ = {isa = PBXFileReference; fileEncoding = 4; lastKnownFileType = sourcecode.c.h; path = ImageMessageTableViewCell.h; sourceTree = "<group>"; };
		2D32407B1C2F520F00E4E59B /* ImageMessageTableViewCell.m */ = {isa = PBXFileReference; fileEncoding = 4; lastKnownFileType = sourcecode.c.objc; path = ImageMessageTableViewCell.m; sourceTree = "<group>"; };
		2D32407C1C2F520F00E4E59B /* ImageMessageTableViewCell.xib */ = {isa = PBXFileReference; fileEncoding = 4; lastKnownFileType = file.xib; path = ImageMessageTableViewCell.xib; sourceTree = "<group>"; };
		2D3240831C2FB06F00E4E59B /* MessageTableViewCell.h */ = {isa = PBXFileReference; fileEncoding = 4; lastKnownFileType = sourcecode.c.h; path = MessageTableViewCell.h; sourceTree = "<group>"; };
		2D3240841C2FB06F00E4E59B /* MessageTableViewCell.m */ = {isa = PBXFileReference; fileEncoding = 4; lastKnownFileType = sourcecode.c.objc; path = MessageTableViewCell.m; sourceTree = "<group>"; };
		2D3316031C8D01B2009A3C70 /* walk_five.png */ = {isa = PBXFileReference; lastKnownFileType = image.png; path = walk_five.png; sourceTree = "<group>"; };
		2D3316041C8D01B2009A3C70 /* walk_four.png */ = {isa = PBXFileReference; lastKnownFileType = image.png; path = walk_four.png; sourceTree = "<group>"; };
		2D3316061C8D01B2009A3C70 /* walk_three.png */ = {isa = PBXFileReference; lastKnownFileType = image.png; path = walk_three.png; sourceTree = "<group>"; };
		2D3316071C8D01B2009A3C70 /* walk_two.png */ = {isa = PBXFileReference; lastKnownFileType = image.png; path = walk_two.png; sourceTree = "<group>"; };
		2D343EB81C60692600587D19 /* menu.png */ = {isa = PBXFileReference; lastKnownFileType = image.png; path = menu.png; sourceTree = "<group>"; };
		2D3756531C8E933500524936 /* calendar-multiple.png */ = {isa = PBXFileReference; lastKnownFileType = image.png; path = "calendar-multiple.png"; sourceTree = "<group>"; };
		2D3756541C8E933500524936 /* note-text.png */ = {isa = PBXFileReference; lastKnownFileType = image.png; path = "note-text.png"; sourceTree = "<group>"; };
		2D381E3B1C876508007E6116 /* flag-variant.png */ = {isa = PBXFileReference; lastKnownFileType = image.png; path = "flag-variant.png"; sourceTree = "<group>"; };
		2D3CDB881C97BFE300D8A2F5 /* currency-usd.png */ = {isa = PBXFileReference; lastKnownFileType = image.png; path = "currency-usd.png"; sourceTree = "<group>"; };
		2D44B8881D401022004A9656 /* bandcamp.png */ = {isa = PBXFileReference; lastKnownFileType = image.png; path = bandcamp.png; sourceTree = "<group>"; };
		2D4AC7E11B22BC6400749074 /* LaunchImage.png */ = {isa = PBXFileReference; lastKnownFileType = image.png; path = LaunchImage.png; sourceTree = "<group>"; };
		2D4AC7E31B22BCAC00749074 /* LaunchImage_750.png */ = {isa = PBXFileReference; lastKnownFileType = image.png; path = LaunchImage_750.png; sourceTree = "<group>"; };
		2D4AC7E51B22BD6100749074 /* LaunchImage_640.png */ = {isa = PBXFileReference; lastKnownFileType = image.png; path = LaunchImage_640.png; sourceTree = "<group>"; };
		2D4AC7E71B22BDBD00749074 /* LaunchImage_640_2.png */ = {isa = PBXFileReference; lastKnownFileType = image.png; path = LaunchImage_640_2.png; sourceTree = "<group>"; };
		2D4AC7E91B22BE2900749074 /* TextMuseIcon_58.png */ = {isa = PBXFileReference; lastKnownFileType = image.png; path = TextMuseIcon_58.png; sourceTree = "<group>"; };
		2D4AC7EB1B22BE5700749074 /* TextMuseIcon_87.png */ = {isa = PBXFileReference; lastKnownFileType = image.png; path = TextMuseIcon_87.png; sourceTree = "<group>"; };
		2D8D26B81C79586900C13F49 /* image.png */ = {isa = PBXFileReference; lastKnownFileType = image.png; path = image.png; sourceTree = "<group>"; };
		2D9D11F81BB2005300C679D1 /* LaunchImage_320.png */ = {isa = PBXFileReference; lastKnownFileType = image.png; path = LaunchImage_320.png; sourceTree = "<group>"; };
		2DB99F511AF744C400CE8E04 /* ChoosePhoneView.h */ = {isa = PBXFileReference; fileEncoding = 4; lastKnownFileType = sourcecode.c.h; path = ChoosePhoneView.h; sourceTree = "<group>"; };
		2DB99F521AF744C400CE8E04 /* ChoosePhoneView.m */ = {isa = PBXFileReference; fileEncoding = 4; lastKnownFileType = sourcecode.c.objc; path = ChoosePhoneView.m; sourceTree = "<group>"; };
		2DC52F001B0846C300E95D15 /* BirthPickerView.h */ = {isa = PBXFileReference; fileEncoding = 4; lastKnownFileType = sourcecode.c.h; path = BirthPickerView.h; sourceTree = "<group>"; };
		2DC52F011B0846C300E95D15 /* BirthPickerView.m */ = {isa = PBXFileReference; fileEncoding = 4; lastKnownFileType = sourcecode.c.objc; path = BirthPickerView.m; sourceTree = "<group>"; };
		2DC612011AF2E300000896EA /* AddMemberView.h */ = {isa = PBXFileReference; fileEncoding = 4; lastKnownFileType = sourcecode.c.h; path = AddMemberView.h; sourceTree = "<group>"; };
		2DC612021AF2E300000896EA /* AddMemberView.m */ = {isa = PBXFileReference; fileEncoding = 4; lastKnownFileType = sourcecode.c.objc; path = AddMemberView.m; sourceTree = "<group>"; };
		2DC624B01AF1FF51006E806C /* greyHighlighter.png */ = {isa = PBXFileReference; lastKnownFileType = image.png; path = greyHighlighter.png; sourceTree = "<group>"; };
		2DC624B21AF1FF51006E806C /* yellowHighlighter.png */ = {isa = PBXFileReference; lastKnownFileType = image.png; path = yellowHighlighter.png; sourceTree = "<group>"; };
		2DC6253C1AF2F92400D23CE8 /* MemberTableData.h */ = {isa = PBXFileReference; fileEncoding = 4; lastKnownFileType = sourcecode.c.h; path = MemberTableData.h; sourceTree = "<group>"; };
		2DC6253D1AF2F92400D23CE8 /* MemberTableData.m */ = {isa = PBXFileReference; fileEncoding = 4; lastKnownFileType = sourcecode.c.objc; path = MemberTableData.m; sourceTree = "<group>"; };
		2DC636B11B17CDE60087376D /* TextMuseIcon_2x.png */ = {isa = PBXFileReference; lastKnownFileType = image.png; path = TextMuseIcon_2x.png; sourceTree = "<group>"; };
		2DC636B21B17CDE60087376D /* TextMuseIcon_3x.png */ = {isa = PBXFileReference; lastKnownFileType = image.png; path = TextMuseIcon_3x.png; sourceTree = "<group>"; };
		2DC636B71B17CF700087376D /* TextMuseIcon_80.png */ = {isa = PBXFileReference; lastKnownFileType = image.png; path = TextMuseIcon_80.png; sourceTree = "<group>"; };
		2DC6523A1AF081A500B0912F /* GroupsViewController.h */ = {isa = PBXFileReference; fileEncoding = 4; lastKnownFileType = sourcecode.c.h; path = GroupsViewController.h; sourceTree = "<group>"; };
		2DC6523B1AF081A500B0912F /* GroupsViewController.m */ = {isa = PBXFileReference; fileEncoding = 4; lastKnownFileType = sourcecode.c.objc; path = GroupsViewController.m; sourceTree = "<group>"; };
		2DC6523D1AF09D4700B0912F /* ShowGroupViewController.h */ = {isa = PBXFileReference; fileEncoding = 4; lastKnownFileType = sourcecode.c.h; path = ShowGroupViewController.h; sourceTree = "<group>"; };
		2DC6523E1AF09D4700B0912F /* ShowGroupViewController.m */ = {isa = PBXFileReference; fileEncoding = 4; lastKnownFileType = sourcecode.c.objc; path = ShowGroupViewController.m; sourceTree = "<group>"; };
		2DC697461B829022001ACC24 /* SkinInfo.h */ = {isa = PBXFileReference; fileEncoding = 4; lastKnownFileType = sourcecode.c.h; path = SkinInfo.h; sourceTree = "<group>"; };
		2DC697471B829022001ACC24 /* SkinInfo.m */ = {isa = PBXFileReference; fileEncoding = 4; lastKnownFileType = sourcecode.c.objc; path = SkinInfo.m; sourceTree = "<group>"; };
		2DC6EC661B18208400C527BA /* TransparentButterfly.png */ = {isa = PBXFileReference; lastKnownFileType = image.png; path = TransparentButterfly.png; sourceTree = "<group>"; };
		2DC75F851BA141A90025AB8A /* LaunchImage-568h.png */ = {isa = PBXFileReference; lastKnownFileType = image.png; path = "LaunchImage-568h.png"; sourceTree = "<group>"; };
		2DC75F861BA141A90025AB8A /* LaunchImage-568h@2x.png */ = {isa = PBXFileReference; lastKnownFileType = image.png; path = "LaunchImage-568h@2x.png"; sourceTree = "<group>"; };
		2DC760511B84328300FFF404 /* ChooseSkinView.h */ = {isa = PBXFileReference; fileEncoding = 4; lastKnownFileType = sourcecode.c.h; path = ChooseSkinView.h; sourceTree = "<group>"; };
		2DC760521B84328300FFF404 /* ChooseSkinView.m */ = {isa = PBXFileReference; fileEncoding = 4; lastKnownFileType = sourcecode.c.objc; path = ChooseSkinView.m; sourceTree = "<group>"; };
		2DC959061AFBAED000BAB0A7 /* ImageUtil.h */ = {isa = PBXFileReference; fileEncoding = 4; lastKnownFileType = sourcecode.c.h; path = ImageUtil.h; sourceTree = "<group>"; };
		2DC959071AFBAED000BAB0A7 /* ImageUtil.m */ = {isa = PBXFileReference; fileEncoding = 4; lastKnownFileType = sourcecode.c.objc; path = ImageUtil.m; sourceTree = "<group>"; };
		2DCA58F01B6E8F670011FCDB /* UIKit.framework */ = {isa = PBXFileReference; lastKnownFileType = wrapper.framework; name = UIKit.framework; path = System/Library/Frameworks/UIKit.framework; sourceTree = SDKROOT; };
		2DCA58F31B6EA53D0011FCDB /* YTPlayerView.h */ = {isa = PBXFileReference; fileEncoding = 4; lastKnownFileType = sourcecode.c.h; path = YTPlayerView.h; sourceTree = "<group>"; };
		2DCA58F41B6EA53D0011FCDB /* YTPlayerView.m */ = {isa = PBXFileReference; fileEncoding = 4; lastKnownFileType = sourcecode.c.objc; path = YTPlayerView.m; sourceTree = "<group>"; };
		2DCA58F61B6EA54D0011FCDB /* Assets */ = {isa = PBXFileReference; lastKnownFileType = folder; path = Assets; sourceTree = "<group>"; };
		2DCA59041B6ECB260011FCDB /* UISuggestionButton.h */ = {isa = PBXFileReference; fileEncoding = 4; lastKnownFileType = sourcecode.c.h; path = UISuggestionButton.h; sourceTree = "<group>"; };
		2DCA59051B6ECB260011FCDB /* UISuggestionButton.m */ = {isa = PBXFileReference; fileEncoding = 4; lastKnownFileType = sourcecode.c.objc; path = UISuggestionButton.m; sourceTree = "<group>"; };
		2DCA7A051B58530000698E97 /* text.xml */ = {isa = PBXFileReference; fileEncoding = 4; lastKnownFileType = text.xml; name = text.xml; path = ../../../../../Dropbox/text.xml; sourceTree = "<group>"; };
		2DCDFC411AEC7F4C002DA914 /* bluebackarrow.png */ = {isa = PBXFileReference; lastKnownFileType = image.png; path = bluebackarrow.png; sourceTree = "<group>"; };
		2DCDFC421AEC7F4C002DA914 /* bluecheck.png */ = {isa = PBXFileReference; lastKnownFileType = image.png; path = bluecheck.png; sourceTree = "<group>"; };
		2DCDFC431AEC7F4C002DA914 /* emptycheck.png */ = {isa = PBXFileReference; lastKnownFileType = image.png; path = emptycheck.png; sourceTree = "<group>"; };
		2DCDFC441AEC7F4C002DA914 /* rightfacingsmallarrow.png */ = {isa = PBXFileReference; lastKnownFileType = image.png; path = rightfacingsmallarrow.png; sourceTree = "<group>"; };
		2DCDFC491AEC98EB002DA914 /* UICheckButton.h */ = {isa = PBXFileReference; fileEncoding = 4; lastKnownFileType = sourcecode.c.h; path = UICheckButton.h; sourceTree = "<group>"; };
		2DCDFC4A1AEC98EB002DA914 /* UICheckButton.m */ = {isa = PBXFileReference; fileEncoding = 4; lastKnownFileType = sourcecode.c.objc; path = UICheckButton.m; sourceTree = "<group>"; };
		2DCDFC511AECAA80002DA914 /* SettingsViewController.h */ = {isa = PBXFileReference; fileEncoding = 4; lastKnownFileType = sourcecode.c.h; path = SettingsViewController.h; sourceTree = "<group>"; };
		2DCDFC521AECAA80002DA914 /* SettingsViewController.m */ = {isa = PBXFileReference; fileEncoding = 4; lastKnownFileType = sourcecode.c.objc; path = SettingsViewController.m; sourceTree = "<group>"; };
		2DE191D61BAE6B1D004489C9 /* WindowsAzureMobileServices.framework */ = {isa = PBXFileReference; lastKnownFileType = wrapper.framework; name = WindowsAzureMobileServices.framework; path = ../../../WindowsAzureMobileServices.framework; sourceTree = "<group>"; };
		2DE191D81BAE6C09004489C9 /* WindowsAzureMessaging.framework */ = {isa = PBXFileReference; lastKnownFileType = wrapper.framework; name = WindowsAzureMessaging.framework; path = "../../../azuresdk-iOS-v1.2.4/WindowsAzureMessaging.framework"; sourceTree = "<group>"; };
		2DE627ED1C3B15A200F3BE36 /* UICaptionButton.h */ = {isa = PBXFileReference; fileEncoding = 4; lastKnownFileType = sourcecode.c.h; path = UICaptionButton.h; sourceTree = "<group>"; };
		2DE627EE1C3B15A200F3BE36 /* UICaptionButton.m */ = {isa = PBXFileReference; fileEncoding = 4; lastKnownFileType = sourcecode.c.objc; path = UICaptionButton.m; sourceTree = "<group>"; };
		2DEB7E6D1C9A7B2800A91F8E /* account-multiple.png */ = {isa = PBXFileReference; lastKnownFileType = image.png; path = "account-multiple.png"; sourceTree = "<group>"; };
		2DEB7E6F1C9A7B8D00A91F8E /* home.png */ = {isa = PBXFileReference; lastKnownFileType = image.png; path = home.png; sourceTree = "<group>"; };
		2DED1C8E1C1E95D400D6C465 /* TextMuseButton.png */ = {isa = PBXFileReference; lastKnownFileType = image.png; path = TextMuseButton.png; sourceTree = "<group>"; };
		2DF080481AE625410003A277 /* TextMuse.app */ = {isa = PBXFileReference; explicitFileType = wrapper.application; includeInIndex = 0; path = TextMuse.app; sourceTree = BUILT_PRODUCTS_DIR; };
		2DF0804C1AE625410003A277 /* Info.plist */ = {isa = PBXFileReference; lastKnownFileType = text.plist.xml; path = Info.plist; sourceTree = "<group>"; };
		2DF0804D1AE625410003A277 /* main.m */ = {isa = PBXFileReference; lastKnownFileType = sourcecode.c.objc; path = main.m; sourceTree = "<group>"; };
		2DF080581AE625410003A277 /* Images.xcassets */ = {isa = PBXFileReference; lastKnownFileType = folder.assetcatalog; path = Images.xcassets; sourceTree = "<group>"; };
		2DF080611AE625410003A277 /* TextMuseTests.xctest */ = {isa = PBXFileReference; explicitFileType = wrapper.cfbundle; includeInIndex = 0; path = TextMuseTests.xctest; sourceTree = BUILT_PRODUCTS_DIR; };
		2DF080661AE625410003A277 /* Info.plist */ = {isa = PBXFileReference; lastKnownFileType = text.plist.xml; path = Info.plist; sourceTree = "<group>"; };
		2DF080671AE625410003A277 /* TextMuse3Tests.m */ = {isa = PBXFileReference; lastKnownFileType = sourcecode.c.objc; path = TextMuse3Tests.m; sourceTree = "<group>"; };
		2DF080731AE6257D0003A277 /* Localizable.strings */ = {isa = PBXFileReference; fileEncoding = 4; lastKnownFileType = text.plist.strings; path = Localizable.strings; sourceTree = "<group>"; };
		2DF080751AE625FC0003A277 /* AppDelegate.h */ = {isa = PBXFileReference; fileEncoding = 4; lastKnownFileType = sourcecode.c.h; path = AppDelegate.h; sourceTree = "<group>"; };
		2DF080761AE625FC0003A277 /* AppDelegate.m */ = {isa = PBXFileReference; fileEncoding = 4; lastKnownFileType = sourcecode.c.objc; path = AppDelegate.m; sourceTree = "<group>"; };
		2DF080771AE625FC0003A277 /* blackleftquote.png */ = {isa = PBXFileReference; lastKnownFileType = image.png; path = blackleftquote.png; sourceTree = "<group>"; };
		2DF080781AE625FC0003A277 /* blackrightquote.png */ = {isa = PBXFileReference; lastKnownFileType = image.png; path = blackrightquote.png; sourceTree = "<group>"; };
		2DF080791AE625FC0003A277 /* CategoriesTableViewCell.h */ = {isa = PBXFileReference; fileEncoding = 4; lastKnownFileType = sourcecode.c.h; path = CategoriesTableViewCell.h; sourceTree = "<group>"; };
		2DF0807A1AE625FC0003A277 /* CategoriesTableViewCell.m */ = {isa = PBXFileReference; fileEncoding = 4; lastKnownFileType = sourcecode.c.objc; path = CategoriesTableViewCell.m; sourceTree = "<group>"; };
		2DF0807B1AE625FC0003A277 /* CategoriesTableViewCell.xib */ = {isa = PBXFileReference; fileEncoding = 4; lastKnownFileType = file.xib; path = CategoriesTableViewCell.xib; sourceTree = "<group>"; };
		2DF0807C1AE625FC0003A277 /* CategoriesViewController.h */ = {isa = PBXFileReference; fileEncoding = 4; lastKnownFileType = sourcecode.c.h; path = CategoriesViewController.h; sourceTree = "<group>"; };
		2DF0807D1AE625FC0003A277 /* CategoriesViewController.m */ = {isa = PBXFileReference; fileEncoding = 4; lastKnownFileType = sourcecode.c.objc; path = CategoriesViewController.m; sourceTree = "<group>"; };
		2DF0807E1AE625FC0003A277 /* ContactsTableViewController.h */ = {isa = PBXFileReference; fileEncoding = 4; lastKnownFileType = sourcecode.c.h; path = ContactsTableViewController.h; sourceTree = "<group>"; };
		2DF0807F1AE625FC0003A277 /* ContactsTableViewController.m */ = {isa = PBXFileReference; fileEncoding = 4; lastKnownFileType = sourcecode.c.objc; path = ContactsTableViewController.m; sourceTree = "<group>"; };
		2DF080801AE625FC0003A277 /* DataAccess.h */ = {isa = PBXFileReference; fileEncoding = 4; lastKnownFileType = sourcecode.c.h; path = DataAccess.h; sourceTree = "<group>"; };
		2DF080811AE625FC0003A277 /* DataAccess.m */ = {isa = PBXFileReference; fileEncoding = 4; lastKnownFileType = sourcecode.c.objc; path = DataAccess.m; sourceTree = "<group>"; };
		2DF080821AE625FC0003A277 /* gear.png */ = {isa = PBXFileReference; lastKnownFileType = image.png; path = gear.png; sourceTree = "<group>"; };
		2DF080831AE625FC0003A277 /* GlobalState.h */ = {isa = PBXFileReference; fileEncoding = 4; lastKnownFileType = sourcecode.c.h; path = GlobalState.h; sourceTree = "<group>"; };
		2DF080841AE625FC0003A277 /* GlobalState.m */ = {isa = PBXFileReference; fileEncoding = 4; lastKnownFileType = sourcecode.c.objc; path = GlobalState.m; sourceTree = "<group>"; };
		2DF080861AE625FC0003A277 /* ImageDownloader.h */ = {isa = PBXFileReference; fileEncoding = 4; lastKnownFileType = sourcecode.c.h; path = ImageDownloader.h; sourceTree = "<group>"; };
		2DF080871AE625FC0003A277 /* ImageDownloader.m */ = {isa = PBXFileReference; fileEncoding = 4; lastKnownFileType = sourcecode.c.objc; path = ImageDownloader.m; sourceTree = "<group>"; };
		2DF080881AE625FC0003A277 /* largebluebubble.png */ = {isa = PBXFileReference; lastKnownFileType = image.png; path = largebluebubble.png; sourceTree = "<group>"; };
		2DF080891AE625FC0003A277 /* largegreenbubble.png */ = {isa = PBXFileReference; lastKnownFileType = image.png; path = largegreenbubble.png; sourceTree = "<group>"; };
		2DF0808A1AE625FC0003A277 /* largeorangebubble.png */ = {isa = PBXFileReference; lastKnownFileType = image.png; path = largeorangebubble.png; sourceTree = "<group>"; };
		2DF0808B1AE625FC0003A277 /* Lato-Light.ttf */ = {isa = PBXFileReference; lastKnownFileType = file; path = "Lato-Light.ttf"; sourceTree = "<group>"; };
		2DF0808C1AE625FC0003A277 /* Lato-Medium.ttf */ = {isa = PBXFileReference; lastKnownFileType = file; path = "Lato-Medium.ttf"; sourceTree = "<group>"; };
		2DF0808D1AE625FC0003A277 /* Lato-Regular.ttf */ = {isa = PBXFileReference; lastKnownFileType = file; path = "Lato-Regular.ttf"; sourceTree = "<group>"; };
		2DF0808E1AE625FC0003A277 /* Message.h */ = {isa = PBXFileReference; fileEncoding = 4; lastKnownFileType = sourcecode.c.h; path = Message.h; sourceTree = "<group>"; };
		2DF0808F1AE625FC0003A277 /* Message.m */ = {isa = PBXFileReference; fileEncoding = 4; lastKnownFileType = sourcecode.c.objc; path = Message.m; sourceTree = "<group>"; };
		2DF080901AE625FC0003A277 /* MessageCategory.h */ = {isa = PBXFileReference; fileEncoding = 4; lastKnownFileType = sourcecode.c.h; path = MessageCategory.h; sourceTree = "<group>"; };
		2DF080911AE625FC0003A277 /* MessageCategory.m */ = {isa = PBXFileReference; fileEncoding = 4; lastKnownFileType = sourcecode.c.objc; path = MessageCategory.m; sourceTree = "<group>"; };
		2DF080921AE625FC0003A277 /* MessagesViewController.h */ = {isa = PBXFileReference; fileEncoding = 4; lastKnownFileType = sourcecode.c.h; path = MessagesViewController.h; sourceTree = "<group>"; };
		2DF080931AE625FC0003A277 /* MessagesViewController.m */ = {isa = PBXFileReference; fileEncoding = 4; lastKnownFileType = sourcecode.c.objc; path = MessagesViewController.m; sourceTree = "<group>"; };
		2DF080941AE625FC0003A277 /* MessageView.h */ = {isa = PBXFileReference; fileEncoding = 4; lastKnownFileType = sourcecode.c.h; path = MessageView.h; sourceTree = "<group>"; };
		2DF080951AE625FC0003A277 /* MessageView.m */ = {isa = PBXFileReference; fileEncoding = 4; lastKnownFileType = sourcecode.c.objc; path = MessageView.m; sourceTree = "<group>"; };
		2DF080961AE625FC0003A277 /* Reachability.h */ = {isa = PBXFileReference; fileEncoding = 4; lastKnownFileType = sourcecode.c.h; path = Reachability.h; sourceTree = "<group>"; };
		2DF080971AE625FC0003A277 /* Reachability.m */ = {isa = PBXFileReference; fileEncoding = 4; lastKnownFileType = sourcecode.c.objc; path = Reachability.m; sourceTree = "<group>"; };
		2DF080981AE625FC0003A277 /* Settings.h */ = {isa = PBXFileReference; fileEncoding = 4; lastKnownFileType = sourcecode.c.h; path = Settings.h; sourceTree = "<group>"; };
		2DF080991AE625FC0003A277 /* Settings.m */ = {isa = PBXFileReference; fileEncoding = 4; lastKnownFileType = sourcecode.c.objc; path = Settings.m; sourceTree = "<group>"; };
		2DF0809A1AE625FC0003A277 /* SponsorInfo.h */ = {isa = PBXFileReference; fileEncoding = 4; lastKnownFileType = sourcecode.c.h; path = SponsorInfo.h; sourceTree = "<group>"; };
		2DF0809B1AE625FC0003A277 /* SponsorInfo.m */ = {isa = PBXFileReference; fileEncoding = 4; lastKnownFileType = sourcecode.c.objc; path = SponsorInfo.m; sourceTree = "<group>"; };
		2DF0809C1AE625FC0003A277 /* TextMuse.jpg */ = {isa = PBXFileReference; lastKnownFileType = image.jpeg; path = TextMuse.jpg; sourceTree = "<group>"; };
		2DF0809D1AE625FC0003A277 /* UserContact.h */ = {isa = PBXFileReference; fileEncoding = 4; lastKnownFileType = sourcecode.c.h; path = UserContact.h; sourceTree = "<group>"; };
		2DF0809E1AE625FC0003A277 /* UserContact.m */ = {isa = PBXFileReference; fileEncoding = 4; lastKnownFileType = sourcecode.c.objc; path = UserContact.m; sourceTree = "<group>"; };
		2DF0809F1AE625FC0003A277 /* UserPhone.h */ = {isa = PBXFileReference; fileEncoding = 4; lastKnownFileType = sourcecode.c.h; path = UserPhone.h; sourceTree = "<group>"; };
		2DF080A01AE625FC0003A277 /* UserPhone.m */ = {isa = PBXFileReference; fileEncoding = 4; lastKnownFileType = sourcecode.c.objc; path = UserPhone.m; sourceTree = "<group>"; };
		2DF080A11AE625FC0003A277 /* whitecategorybubble.png */ = {isa = PBXFileReference; lastKnownFileType = image.png; path = whitecategorybubble.png; sourceTree = "<group>"; };
		2DF080A21AE625FC0003A277 /* whitecategoryleftquote.png */ = {isa = PBXFileReference; lastKnownFileType = image.png; path = whitecategoryleftquote.png; sourceTree = "<group>"; };
		2DF080A31AE625FC0003A277 /* whitecategoryrightquote.png */ = {isa = PBXFileReference; lastKnownFileType = image.png; path = whitecategoryrightquote.png; sourceTree = "<group>"; };
		2DF080CA1AE626E10003A277 /* Main.storyboard */ = {isa = PBXFileReference; fileEncoding = 4; lastKnownFileType = file.storyboard; path = Main.storyboard; sourceTree = "<group>"; };
		2DF127251C44D6A500DBB3DE /* FLAnimatedImage.h */ = {isa = PBXFileReference; fileEncoding = 4; lastKnownFileType = sourcecode.c.h; path = FLAnimatedImage.h; sourceTree = "<group>"; };
		2DF127261C44D6A500DBB3DE /* FLAnimatedImage.m */ = {isa = PBXFileReference; fileEncoding = 4; lastKnownFileType = sourcecode.c.objc; path = FLAnimatedImage.m; sourceTree = "<group>"; };
		2DF127281C44D6C600DBB3DE /* FLAnimatedImageView.h */ = {isa = PBXFileReference; fileEncoding = 4; lastKnownFileType = sourcecode.c.h; path = FLAnimatedImageView.h; sourceTree = "<group>"; };
		2DF127291C44D6C600DBB3DE /* FLAnimatedImageView.m */ = {isa = PBXFileReference; fileEncoding = 4; lastKnownFileType = sourcecode.c.objc; path = FLAnimatedImageView.m; sourceTree = "<group>"; };
		2DF67BD01C4CA7A800329DC8 /* greyheart.png */ = {isa = PBXFileReference; lastKnownFileType = image.png; path = greyheart.png; sourceTree = "<group>"; };
		2DF67BD11C4CA7A800329DC8 /* heart_black.png */ = {isa = PBXFileReference; lastKnownFileType = image.png; path = heart_black.png; sourceTree = "<group>"; };
		2DF67BD21C4CA7A800329DC8 /* heart_red.png */ = {isa = PBXFileReference; lastKnownFileType = image.png; path = heart_red.png; sourceTree = "<group>"; };
		2DF67BD41C4CA7A800329DC8 /* link.png */ = {isa = PBXFileReference; lastKnownFileType = image.png; path = link.png; sourceTree = "<group>"; };
		2DF67BD51C4CA7A800329DC8 /* open-in-new.png */ = {isa = PBXFileReference; lastKnownFileType = image.png; path = "open-in-new.png"; sourceTree = "<group>"; };
		2DF67BD61C4CA7A800329DC8 /* pin_black.png */ = {isa = PBXFileReference; lastKnownFileType = image.png; path = pin_black.png; sourceTree = "<group>"; };
		2DF67BD71C4CA7A800329DC8 /* pin_grey.png */ = {isa = PBXFileReference; lastKnownFileType = image.png; path = pin_grey.png; sourceTree = "<group>"; };
		2DF67BD81C4CA7A800329DC8 /* pin_red.png */ = {isa = PBXFileReference; lastKnownFileType = image.png; path = pin_red.png; sourceTree = "<group>"; };
		2DF67BD91C4CA7A800329DC8 /* send.png */ = {isa = PBXFileReference; lastKnownFileType = image.png; path = send.png; sourceTree = "<group>"; };
		2DF67BE51C4CA89200329DC8 /* heart_dkgrey.png */ = {isa = PBXFileReference; lastKnownFileType = image.png; path = heart_dkgrey.png; sourceTree = "<group>"; };
		2DF67BE61C4CA89200329DC8 /* pin_dkgrey.png */ = {isa = PBXFileReference; lastKnownFileType = image.png; path = pin_dkgrey.png; sourceTree = "<group>"; };
/* End PBXFileReference section */

/* Begin PBXFrameworksBuildPhase section */
		2DF080451AE625410003A277 /* Frameworks */ = {
			isa = PBXFrameworksBuildPhase;
			buildActionMask = 2147483647;
			files = (
				2D2E7D0C1C3C4601002C3886 /* libsqlite3.0.tbd in Frameworks */,
				2DE191D71BAE6B1D004489C9 /* WindowsAzureMobileServices.framework in Frameworks */,
				2DCA58F11B6E8F670011FCDB /* UIKit.framework in Frameworks */,
				2DE191D91BAE6C09004489C9 /* WindowsAzureMessaging.framework in Frameworks */,
			);
			runOnlyForDeploymentPostprocessing = 0;
		};
		2DF0805E1AE625410003A277 /* Frameworks */ = {
			isa = PBXFrameworksBuildPhase;
			buildActionMask = 2147483647;
			files = (
			);
			runOnlyForDeploymentPostprocessing = 0;
		};
/* End PBXFrameworksBuildPhase section */

/* Begin PBXGroup section */
		2D2BA08B1C80F1C5001DC30E /* AddEvent */ = {
			isa = PBXGroup;
			children = (
				2D2BA08C1C80F1E9001DC30E /* AddEventViewController.h */,
				2D2BA08D1C80F1E9001DC30E /* AddEventViewController.m */,
			);
			name = AddEvent;
			sourceTree = "<group>";
		};
		2D3240711C2F39D400E4E59B /* RndMessages */ = {
			isa = PBXGroup;
			children = (
				2D3240721C2F3A0800E4E59B /* RndMessagesViewController.h */,
				2D3240731C2F3A0800E4E59B /* RndMessagesViewController.m */,
				2D3240751C2F51F800E4E59B /* TextMessageTableViewCell.h */,
				2D3240761C2F51F800E4E59B /* TextMessageTableViewCell.m */,
				2D3240771C2F51F800E4E59B /* TextMessageTableViewCell.xib */,
				2D32407A1C2F520F00E4E59B /* ImageMessageTableViewCell.h */,
				2D32407B1C2F520F00E4E59B /* ImageMessageTableViewCell.m */,
				2D32407C1C2F520F00E4E59B /* ImageMessageTableViewCell.xib */,
				2D3240831C2FB06F00E4E59B /* MessageTableViewCell.h */,
				2D3240841C2FB06F00E4E59B /* MessageTableViewCell.m */,
			);
			name = RndMessages;
			sourceTree = "<group>";
		};
		2DC625121AF04D8A00C2B6B4 /* Groups */ = {
			isa = PBXGroup;
			children = (
				2DC6523A1AF081A500B0912F /* GroupsViewController.h */,
				2DC6523B1AF081A500B0912F /* GroupsViewController.m */,
				2DC6523D1AF09D4700B0912F /* ShowGroupViewController.h */,
				2DC6523E1AF09D4700B0912F /* ShowGroupViewController.m */,
				2DC612011AF2E300000896EA /* AddMemberView.h */,
				2DC612021AF2E300000896EA /* AddMemberView.m */,
				2DC6253C1AF2F92400D23CE8 /* MemberTableData.h */,
				2DC6253D1AF2F92400D23CE8 /* MemberTableData.m */,
			);
			name = Groups;
			sourceTree = "<group>";
		};
		2DCA58F21B6EA24F0011FCDB /* YTPlayer */ = {
			isa = PBXGroup;
			children = (
				2DCA58F61B6EA54D0011FCDB /* Assets */,
				2DCA58F31B6EA53D0011FCDB /* YTPlayerView.h */,
				2DCA58F41B6EA53D0011FCDB /* YTPlayerView.m */,
			);
			name = YTPlayer;
			sourceTree = "<group>";
		};
		2DCDFC4C1AEC98F5002DA914 /* UI */ = {
			isa = PBXGroup;
			children = (
				2DCDFC491AEC98EB002DA914 /* UICheckButton.h */,
				2DCDFC4A1AEC98EB002DA914 /* UICheckButton.m */,
				2DC959061AFBAED000BAB0A7 /* ImageUtil.h */,
				2DC959071AFBAED000BAB0A7 /* ImageUtil.m */,
				2DE627ED1C3B15A200F3BE36 /* UICaptionButton.h */,
				2DE627EE1C3B15A200F3BE36 /* UICaptionButton.m */,
			);
			name = UI;
			sourceTree = "<group>";
		};
		2DCDFC4D1AECAA13002DA914 /* Settings */ = {
			isa = PBXGroup;
			children = (
				2DCDFC511AECAA80002DA914 /* SettingsViewController.h */,
				2DCDFC521AECAA80002DA914 /* SettingsViewController.m */,
				2D0C2CF31B07E2F8001D6E9B /* ContactUsViewController.h */,
				2D0C2CF41B07E2F8001D6E9B /* ContactUsViewController.m */,
				2D0C2CF91B07F134001D6E9B /* RegisterViewController.h */,
				2D0C2CFA1B07F134001D6E9B /* RegisterViewController.m */,
				2DC52F001B0846C300E95D15 /* BirthPickerView.h */,
				2DC52F011B0846C300E95D15 /* BirthPickerView.m */,
				2DC760511B84328300FFF404 /* ChooseSkinView.h */,
				2DC760521B84328300FFF404 /* ChooseSkinView.m */,
			);
			name = Settings;
			sourceTree = "<group>";
		};
		2DF0803F1AE625410003A277 = {
			isa = PBXGroup;
			children = (
				2D2E7D0B1C3C4601002C3886 /* libsqlite3.0.tbd */,
				2DE191D81BAE6C09004489C9 /* WindowsAzureMessaging.framework */,
				2DE191D61BAE6B1D004489C9 /* WindowsAzureMobileServices.framework */,
				2DCA58F01B6E8F670011FCDB /* UIKit.framework */,
				2DCA7A051B58530000698E97 /* text.xml */,
				2DF0804A1AE625410003A277 /* TextMuse3 */,
				2DF080641AE625410003A277 /* TextMuse3Tests */,
				2DF080491AE625410003A277 /* Products */,
			);
			sourceTree = "<group>";
		};
		2DF080491AE625410003A277 /* Products */ = {
			isa = PBXGroup;
			children = (
				2DF080481AE625410003A277 /* TextMuse.app */,
				2DF080611AE625410003A277 /* TextMuseTests.xctest */,
			);
			name = Products;
			sourceTree = "<group>";
		};
		2DF0804A1AE625410003A277 /* TextMuse3 */ = {
			isa = PBXGroup;
			children = (
				2D2BA08B1C80F1C5001DC30E /* AddEvent */,
				2DF1271E1C44D50200DBB3DE /* FLAnimatedImage */,
				2D3240711C2F39D400E4E59B /* RndMessages */,
				2DCA58F21B6EA24F0011FCDB /* YTPlayer */,
				2DCDFC4C1AEC98F5002DA914 /* UI */,
				2DF080C81AE626700003A277 /* Data */,
				2DF080C71AE626580003A277 /* Messages */,
				2DC625121AF04D8A00C2B6B4 /* Groups */,
				2DF080C61AE626450003A277 /* Contacts */,
				2DF080C51AE626350003A277 /* Categories */,
				2DCDFC4D1AECAA13002DA914 /* Settings */,
				2DF080C41AE626250003A277 /* Fonts */,
				2DF080C31AE626050003A277 /* Images */,
				2DF080751AE625FC0003A277 /* AppDelegate.h */,
				2DF080761AE625FC0003A277 /* AppDelegate.m */,
				2DF080731AE6257D0003A277 /* Localizable.strings */,
				2DF080CA1AE626E10003A277 /* Main.storyboard */,
				2DF080581AE625410003A277 /* Images.xcassets */,
				2DF0804B1AE625410003A277 /* Supporting Files */,
			);
			path = TextMuse3;
			sourceTree = "<group>";
		};
		2DF0804B1AE625410003A277 /* Supporting Files */ = {
			isa = PBXGroup;
			children = (
				2DF0804C1AE625410003A277 /* Info.plist */,
				2DF0804D1AE625410003A277 /* main.m */,
			);
			name = "Supporting Files";
			sourceTree = "<group>";
		};
		2DF080641AE625410003A277 /* TextMuse3Tests */ = {
			isa = PBXGroup;
			children = (
				2DF080671AE625410003A277 /* TextMuse3Tests.m */,
				2DF080651AE625410003A277 /* Supporting Files */,
			);
			path = TextMuse3Tests;
			sourceTree = "<group>";
		};
		2DF080651AE625410003A277 /* Supporting Files */ = {
			isa = PBXGroup;
			children = (
				2DF080661AE625410003A277 /* Info.plist */,
			);
			name = "Supporting Files";
			sourceTree = "<group>";
		};
		2DF080C31AE626050003A277 /* Images */ = {
			isa = PBXGroup;
			children = (
				2DEB7E6D1C9A7B2800A91F8E /* account-multiple.png */,
				2D44B8881D401022004A9656 /* bandcamp.png */,
				2DF080771AE625FC0003A277 /* blackleftquote.png */,
				2DF080781AE625FC0003A277 /* blackrightquote.png */,
				2DCDFC411AEC7F4C002DA914 /* bluebackarrow.png */,
				2DCDFC421AEC7F4C002DA914 /* bluecheck.png */,
				2D3756531C8E933500524936 /* calendar-multiple.png */,
				2D2BA0891C80EF01001DC30E /* calendar-plus.png */,
				2D3CDB881C97BFE300D8A2F5 /* currency-usd.png */,
				2DCDFC431AEC7F4C002DA914 /* emptycheck.png */,
				2D381E3B1C876508007E6116 /* flag-variant.png */,
				2DF080821AE625FC0003A277 /* gear.png */,
				2DF67BD01C4CA7A800329DC8 /* greyheart.png */,
				2DC624B01AF1FF51006E806C /* greyHighlighter.png */,
				2DF67BD11C4CA7A800329DC8 /* heart_black.png */,
				2DF67BE51C4CA89200329DC8 /* heart_dkgrey.png */,
				2DF67BD21C4CA7A800329DC8 /* heart_red.png */,
				2DEB7E6F1C9A7B8D00A91F8E /* home.png */,
				2D8D26B81C79586900C13F49 /* image.png */,
				2DF080881AE625FC0003A277 /* largebluebubble.png */,
				2DF080891AE625FC0003A277 /* largegreenbubble.png */,
				2DF0808A1AE625FC0003A277 /* largeorangebubble.png */,
				2D9D11F81BB2005300C679D1 /* LaunchImage_320.png */,
				2D4AC7E71B22BDBD00749074 /* LaunchImage_640_2.png */,
				2D4AC7E51B22BD6100749074 /* LaunchImage_640.png */,
				2D4AC7E31B22BCAC00749074 /* LaunchImage_750.png */,
				2DC75F851BA141A90025AB8A /* LaunchImage-568h.png */,
				2DC75F861BA141A90025AB8A /* LaunchImage-568h@2x.png */,
				2D1F54311C9E285400BC2261 /* LaunchImage-1242.png */,
				2D4AC7E11B22BC6400749074 /* LaunchImage.png */,
				2DF67BD41C4CA7A800329DC8 /* link.png */,
				2D343EB81C60692600587D19 /* menu.png */,
				2D3756541C8E933500524936 /* note-text.png */,
				2DF67BD51C4CA7A800329DC8 /* open-in-new.png */,
				2DF67BD61C4CA7A800329DC8 /* pin_black.png */,
				2DF67BE61C4CA89200329DC8 /* pin_dkgrey.png */,
				2DF67BD71C4CA7A800329DC8 /* pin_grey.png */,
				2DF67BD81C4CA7A800329DC8 /* pin_red.png */,
				2DCDFC441AEC7F4C002DA914 /* rightfacingsmallarrow.png */,
				2DF67BD91C4CA7A800329DC8 /* send.png */,
				2DF0809C1AE625FC0003A277 /* TextMuse.jpg */,
				2DED1C8E1C1E95D400D6C465 /* TextMuseButton.png */,
				2DC636B11B17CDE60087376D /* TextMuseIcon_2x.png */,
				2DC636B21B17CDE60087376D /* TextMuseIcon_3x.png */,
				2D4AC7E91B22BE2900749074 /* TextMuseIcon_58.png */,
				2DC636B71B17CF700087376D /* TextMuseIcon_80.png */,
				2D4AC7EB1B22BE5700749074 /* TextMuseIcon_87.png */,
				2DC6EC661B18208400C527BA /* TransparentButterfly.png */,
				2D3316031C8D01B2009A3C70 /* walk_five.png */,
				2D3316041C8D01B2009A3C70 /* walk_four.png */,
				2D292F651C9DC606000B6A14 /* walk_one.png */,
				2D3316061C8D01B2009A3C70 /* walk_three.png */,
				2D3316071C8D01B2009A3C70 /* walk_two.png */,
				2DF080A11AE625FC0003A277 /* whitecategorybubble.png */,
				2DF080A21AE625FC0003A277 /* whitecategoryleftquote.png */,
				2DF080A31AE625FC0003A277 /* whitecategoryrightquote.png */,
				2DC624B21AF1FF51006E806C /* yellowHighlighter.png */,
			);
			name = Images;
			sourceTree = "<group>";
		};
		2DF080C41AE626250003A277 /* Fonts */ = {
			isa = PBXGroup;
			children = (
				2DF0808B1AE625FC0003A277 /* Lato-Light.ttf */,
				2DF0808C1AE625FC0003A277 /* Lato-Medium.ttf */,
				2DF0808D1AE625FC0003A277 /* Lato-Regular.ttf */,
			);
			name = Fonts;
			sourceTree = "<group>";
		};
		2DF080C51AE626350003A277 /* Categories */ = {
			isa = PBXGroup;
			children = (
				2DF080791AE625FC0003A277 /* CategoriesTableViewCell.h */,
				2DF0807A1AE625FC0003A277 /* CategoriesTableViewCell.m */,
				2DF0807B1AE625FC0003A277 /* CategoriesTableViewCell.xib */,
				2DF0807C1AE625FC0003A277 /* CategoriesViewController.h */,
				2DF0807D1AE625FC0003A277 /* CategoriesViewController.m */,
				2DCA59041B6ECB260011FCDB /* UISuggestionButton.h */,
				2DCA59051B6ECB260011FCDB /* UISuggestionButton.m */,
			);
			name = Categories;
			sourceTree = "<group>";
		};
		2DF080C61AE626450003A277 /* Contacts */ = {
			isa = PBXGroup;
			children = (
				2DF0807E1AE625FC0003A277 /* ContactsTableViewController.h */,
				2DF0807F1AE625FC0003A277 /* ContactsTableViewController.m */,
				2DB99F511AF744C400CE8E04 /* ChoosePhoneView.h */,
				2DB99F521AF744C400CE8E04 /* ChoosePhoneView.m */,
			);
			name = Contacts;
			sourceTree = "<group>";
		};
		2DF080C71AE626580003A277 /* Messages */ = {
			isa = PBXGroup;
			children = (
				2DF080921AE625FC0003A277 /* MessagesViewController.h */,
				2DF080931AE625FC0003A277 /* MessagesViewController.m */,
				2DF080941AE625FC0003A277 /* MessageView.h */,
				2DF080951AE625FC0003A277 /* MessageView.m */,
				2D236B021C115DA900CDE1F7 /* SendMessage.h */,
				2D236B031C115DA900CDE1F7 /* SendMessage.m */,
			);
			name = Messages;
			sourceTree = "<group>";
		};
		2DF080C81AE626700003A277 /* Data */ = {
			isa = PBXGroup;
			children = (
				2DF080801AE625FC0003A277 /* DataAccess.h */,
				2DF080811AE625FC0003A277 /* DataAccess.m */,
				2DF080831AE625FC0003A277 /* GlobalState.h */,
				2DF080841AE625FC0003A277 /* GlobalState.m */,
				2DF080861AE625FC0003A277 /* ImageDownloader.h */,
				2DF080871AE625FC0003A277 /* ImageDownloader.m */,
				2DF0808E1AE625FC0003A277 /* Message.h */,
				2DF0808F1AE625FC0003A277 /* Message.m */,
				2DF080901AE625FC0003A277 /* MessageCategory.h */,
				2DF080911AE625FC0003A277 /* MessageCategory.m */,
				2DF080961AE625FC0003A277 /* Reachability.h */,
				2DF080971AE625FC0003A277 /* Reachability.m */,
				2DF080981AE625FC0003A277 /* Settings.h */,
				2DF080991AE625FC0003A277 /* Settings.m */,
				2DF0809A1AE625FC0003A277 /* SponsorInfo.h */,
				2DF0809B1AE625FC0003A277 /* SponsorInfo.m */,
				2DF0809D1AE625FC0003A277 /* UserContact.h */,
				2DF0809E1AE625FC0003A277 /* UserContact.m */,
				2DF0809F1AE625FC0003A277 /* UserPhone.h */,
				2DF080A01AE625FC0003A277 /* UserPhone.m */,
				2DC697461B829022001ACC24 /* SkinInfo.h */,
				2DC697471B829022001ACC24 /* SkinInfo.m */,
				2D2E7D0D1C3C469B002C3886 /* SqlData.h */,
				2D2E7D0E1C3C469B002C3886 /* SqlData.m */,
			);
			name = Data;
			sourceTree = "<group>";
		};
		2DF1271E1C44D50200DBB3DE /* FLAnimatedImage */ = {
			isa = PBXGroup;
			children = (
				2DF127251C44D6A500DBB3DE /* FLAnimatedImage.h */,
				2DF127261C44D6A500DBB3DE /* FLAnimatedImage.m */,
				2DF127281C44D6C600DBB3DE /* FLAnimatedImageView.h */,
				2DF127291C44D6C600DBB3DE /* FLAnimatedImageView.m */,
			);
			name = FLAnimatedImage;
			sourceTree = "<group>";
		};
/* End PBXGroup section */

/* Begin PBXNativeTarget section */
		2DF080471AE625410003A277 /* TextMuse */ = {
			isa = PBXNativeTarget;
			buildConfigurationList = 2DF0806B1AE625410003A277 /* Build configuration list for PBXNativeTarget "TextMuse" */;
			buildPhases = (
				2DF080441AE625410003A277 /* Sources */,
				2DF080451AE625410003A277 /* Frameworks */,
				2DF080461AE625410003A277 /* Resources */,
			);
			buildRules = (
			);
			dependencies = (
			);
			name = TextMuse;
			productName = TextMuse3;
			productReference = 2DF080481AE625410003A277 /* TextMuse.app */;
			productType = "com.apple.product-type.application";
		};
		2DF080601AE625410003A277 /* TextMuseTests */ = {
			isa = PBXNativeTarget;
			buildConfigurationList = 2DF0806E1AE625410003A277 /* Build configuration list for PBXNativeTarget "TextMuseTests" */;
			buildPhases = (
				2DF0805D1AE625410003A277 /* Sources */,
				2DF0805E1AE625410003A277 /* Frameworks */,
				2DF0805F1AE625410003A277 /* Resources */,
			);
			buildRules = (
			);
			dependencies = (
				2DF080631AE625410003A277 /* PBXTargetDependency */,
			);
			name = TextMuseTests;
			productName = TextMuse3Tests;
			productReference = 2DF080611AE625410003A277 /* TextMuseTests.xctest */;
			productType = "com.apple.product-type.bundle.unit-test";
		};
/* End PBXNativeTarget section */

/* Begin PBXProject section */
		2DF080401AE625410003A277 /* Project object */ = {
			isa = PBXProject;
			attributes = {
				LastUpgradeCheck = 0700;
				ORGANIZATIONNAME = LaLoosh;
				TargetAttributes = {
					2DF080471AE625410003A277 = {
						CreatedOnToolsVersion = 6.3;
						DevelopmentTeam = VZ7HZ8A5UC;
					};
					2DF080601AE625410003A277 = {
						CreatedOnToolsVersion = 6.3;
						TestTargetID = 2DF080471AE625410003A277;
					};
				};
			};
			buildConfigurationList = 2DF080431AE625410003A277 /* Build configuration list for PBXProject "TextMuse" */;
			compatibilityVersion = "Xcode 3.2";
			developmentRegion = English;
			hasScannedForEncodings = 0;
			knownRegions = (
				en,
				Base,
			);
			mainGroup = 2DF0803F1AE625410003A277;
			productRefGroup = 2DF080491AE625410003A277 /* Products */;
			projectDirPath = "";
			projectRoot = "";
			targets = (
				2DF080471AE625410003A277 /* TextMuse */,
				2DF080601AE625410003A277 /* TextMuseTests */,
			);
		};
/* End PBXProject section */

/* Begin PBXResourcesBuildPhase section */
		2DF080461AE625410003A277 /* Resources */ = {
			isa = PBXResourcesBuildPhase;
			buildActionMask = 2147483647;
			files = (
				2D4AC7EA1B22BE2900749074 /* TextMuseIcon_58.png in Resources */,
				2DF67BE11C4CA7A800329DC8 /* pin_black.png in Resources */,
				2DEB7E701C9A7B8D00A91F8E /* home.png in Resources */,
				2DCDFC451AEC7F4C002DA914 /* bluebackarrow.png in Resources */,
				2D4AC7E81B22BDBD00749074 /* LaunchImage_640_2.png in Resources */,
				2D44B8891D401022004A9656 /* bandcamp.png in Resources */,
				2DF080591AE625410003A277 /* Images.xcassets in Resources */,
				2DC636B81B17CF700087376D /* TextMuseIcon_80.png in Resources */,
				2D4AC7EC1B22BE5700749074 /* TextMuseIcon_87.png in Resources */,
				2DC75F881BA141A90025AB8A /* LaunchImage-568h@2x.png in Resources */,
				2DF080B41AE625FC0003A277 /* Lato-Medium.ttf in Resources */,
				2DF080A51AE625FC0003A277 /* blackleftquote.png in Resources */,
				2DC75F871BA141A90025AB8A /* LaunchImage-568h.png in Resources */,
				2DF080B11AE625FC0003A277 /* largegreenbubble.png in Resources */,
				2DF080BD1AE625FC0003A277 /* TextMuse.jpg in Resources */,
				2D33160C1C8D01B2009A3C70 /* walk_two.png in Resources */,
				2D4AC7E61B22BD6100749074 /* LaunchImage_640.png in Resources */,
				2DED1C8F1C1E95D400D6C465 /* TextMuseButton.png in Resources */,
				2DC6EC671B18208400C527BA /* TransparentButterfly.png in Resources */,
				2DF080C11AE625FC0003A277 /* whitecategoryleftquote.png in Resources */,
				2D3240791C2F51F800E4E59B /* TextMessageTableViewCell.xib in Resources */,
				2DF080C21AE625FC0003A277 /* whitecategoryrightquote.png in Resources */,
				2DF080B31AE625FC0003A277 /* Lato-Light.ttf in Resources */,
				2DF67BDF1C4CA7A800329DC8 /* link.png in Resources */,
				2DF67BE31C4CA7A800329DC8 /* pin_red.png in Resources */,
				2DF080B21AE625FC0003A277 /* largeorangebubble.png in Resources */,
				2DCDFC481AEC7F4C002DA914 /* rightfacingsmallarrow.png in Resources */,
				2D3756551C8E933500524936 /* calendar-multiple.png in Resources */,
				2DF080AC1AE625FC0003A277 /* gear.png in Resources */,
				2D33160B1C8D01B2009A3C70 /* walk_three.png in Resources */,
				2DC624B31AF1FF51006E806C /* greyHighlighter.png in Resources */,
				2DF67BE81C4CA89200329DC8 /* pin_dkgrey.png in Resources */,
				2D8D26B91C79586900C13F49 /* image.png in Resources */,
				2D32407E1C2F520F00E4E59B /* ImageMessageTableViewCell.xib in Resources */,
				2DF080A81AE625FC0003A277 /* CategoriesTableViewCell.xib in Resources */,
				2DF67BDB1C4CA7A800329DC8 /* greyheart.png in Resources */,
				2D1F54321C9E285400BC2261 /* LaunchImage-1242.png in Resources */,
				2DF67BDD1C4CA7A800329DC8 /* heart_red.png in Resources */,
				2D3CDB891C97BFE300D8A2F5 /* currency-usd.png in Resources */,
				2D3316091C8D01B2009A3C70 /* walk_four.png in Resources */,
				2DF080741AE6257D0003A277 /* Localizable.strings in Resources */,
				2DF080B01AE625FC0003A277 /* largebluebubble.png in Resources */,
				2DCA7A061B58530000698E97 /* text.xml in Resources */,
				2D4AC7E21B22BC6400749074 /* LaunchImage.png in Resources */,
				2DC636B51B17CDE60087376D /* TextMuseIcon_3x.png in Resources */,
				2DF67BE71C4CA89200329DC8 /* heart_dkgrey.png in Resources */,
				2DF080B51AE625FC0003A277 /* Lato-Regular.ttf in Resources */,
				2D4AC7E41B22BCAC00749074 /* LaunchImage_750.png in Resources */,
				2DF67BDC1C4CA7A800329DC8 /* heart_black.png in Resources */,
				2DEB7E6E1C9A7B2800A91F8E /* account-multiple.png in Resources */,
				2DCDFC461AEC7F4C002DA914 /* bluecheck.png in Resources */,
				2D292F661C9DC606000B6A14 /* walk_one.png in Resources */,
				2DF67BE21C4CA7A800329DC8 /* pin_grey.png in Resources */,
				2DC636B41B17CDE60087376D /* TextMuseIcon_2x.png in Resources */,
				2D9D11F91BB2005300C679D1 /* LaunchImage_320.png in Resources */,
				2DF080C01AE625FC0003A277 /* whitecategorybubble.png in Resources */,
				2DF67BE41C4CA7A800329DC8 /* send.png in Resources */,
				2DCA58F71B6EA54D0011FCDB /* Assets in Resources */,
				2DF67BE01C4CA7A800329DC8 /* open-in-new.png in Resources */,
				2D3316081C8D01B2009A3C70 /* walk_five.png in Resources */,
				2D3756561C8E933500524936 /* note-text.png in Resources */,
				2D381E3C1C876508007E6116 /* flag-variant.png in Resources */,
				2DC624B51AF1FF51006E806C /* yellowHighlighter.png in Resources */,
				2D343EB91C60692600587D19 /* menu.png in Resources */,
				2DCDFC471AEC7F4C002DA914 /* emptycheck.png in Resources */,
				2D2BA08A1C80EF01001DC30E /* calendar-plus.png in Resources */,
				2DF080CC1AE626E10003A277 /* Main.storyboard in Resources */,
				2DF080A61AE625FC0003A277 /* blackrightquote.png in Resources */,
			);
			runOnlyForDeploymentPostprocessing = 0;
		};
		2DF0805F1AE625410003A277 /* Resources */ = {
			isa = PBXResourcesBuildPhase;
			buildActionMask = 2147483647;
			files = (
			);
			runOnlyForDeploymentPostprocessing = 0;
		};
/* End PBXResourcesBuildPhase section */

/* Begin PBXSourcesBuildPhase section */
		2DF080441AE625410003A277 /* Sources */ = {
			isa = PBXSourcesBuildPhase;
			buildActionMask = 2147483647;
			files = (
				2DF080BA1AE625FC0003A277 /* Reachability.m in Sources */,
				2DF080B91AE625FC0003A277 /* MessageView.m in Sources */,
				2DB99F531AF744C400CE8E04 /* ChoosePhoneView.m in Sources */,
				2DF080A41AE625FC0003A277 /* AppDelegate.m in Sources */,
				2D0C2CFB1B07F134001D6E9B /* RegisterViewController.m in Sources */,
				2DC697481B829022001ACC24 /* SkinInfo.m in Sources */,
				2D3240781C2F51F800E4E59B /* TextMessageTableViewCell.m in Sources */,
				2DC959081AFBAED000BAB0A7 /* ImageUtil.m in Sources */,
				2DC52F021B0846C300E95D15 /* BirthPickerView.m in Sources */,
				2D236B041C115DA900CDE1F7 /* SendMessage.m in Sources */,
				2DC6523F1AF09D4700B0912F /* ShowGroupViewController.m in Sources */,
				2DF080BE1AE625FC0003A277 /* UserContact.m in Sources */,
				2DF127271C44D6A500DBB3DE /* FLAnimatedImage.m in Sources */,
				2D0C2CF51B07E2F8001D6E9B /* ContactUsViewController.m in Sources */,
				2DF0804E1AE625410003A277 /* main.m in Sources */,
				2D2E7D0F1C3C469B002C3886 /* SqlData.m in Sources */,
				2DF080AA1AE625FC0003A277 /* ContactsTableViewController.m in Sources */,
				2DF080AD1AE625FC0003A277 /* GlobalState.m in Sources */,
				2DC612031AF2E300000896EA /* AddMemberView.m in Sources */,
				2DF080BB1AE625FC0003A277 /* Settings.m in Sources */,
				2DF080AB1AE625FC0003A277 /* DataAccess.m in Sources */,
				2D3240851C2FB06F00E4E59B /* MessageTableViewCell.m in Sources */,
				2DF080A91AE625FC0003A277 /* CategoriesViewController.m in Sources */,
				2DCA58F51B6EA53D0011FCDB /* YTPlayerView.m in Sources */,
				2DCDFC4B1AEC98EB002DA914 /* UICheckButton.m in Sources */,
				2DCDFC531AECAA80002DA914 /* SettingsViewController.m in Sources */,
				2DE627EF1C3B15A200F3BE36 /* UICaptionButton.m in Sources */,
				2DF080B81AE625FC0003A277 /* MessagesViewController.m in Sources */,
				2DCA59061B6ECB260011FCDB /* UISuggestionButton.m in Sources */,
				2D2BA08E1C80F1E9001DC30E /* AddEventViewController.m in Sources */,
				2DF080AF1AE625FC0003A277 /* ImageDownloader.m in Sources */,
				2DF1272A1C44D6C600DBB3DE /* FLAnimatedImageView.m in Sources */,
				2DF080B61AE625FC0003A277 /* Message.m in Sources */,
				2DC6253E1AF2F92400D23CE8 /* MemberTableData.m in Sources */,
				2DF080BC1AE625FC0003A277 /* SponsorInfo.m in Sources */,
				2DC6523C1AF081A500B0912F /* GroupsViewController.m in Sources */,
				2D3240741C2F3A0800E4E59B /* RndMessagesViewController.m in Sources */,
				2DC760531B84328300FFF404 /* ChooseSkinView.m in Sources */,
				2DF080BF1AE625FC0003A277 /* UserPhone.m in Sources */,
				2D32407D1C2F520F00E4E59B /* ImageMessageTableViewCell.m in Sources */,
				2DF080A71AE625FC0003A277 /* CategoriesTableViewCell.m in Sources */,
				2DF080B71AE625FC0003A277 /* MessageCategory.m in Sources */,
			);
			runOnlyForDeploymentPostprocessing = 0;
		};
		2DF0805D1AE625410003A277 /* Sources */ = {
			isa = PBXSourcesBuildPhase;
			buildActionMask = 2147483647;
			files = (
				2DF080681AE625410003A277 /* TextMuse3Tests.m in Sources */,
			);
			runOnlyForDeploymentPostprocessing = 0;
		};
/* End PBXSourcesBuildPhase section */

/* Begin PBXTargetDependency section */
		2DF080631AE625410003A277 /* PBXTargetDependency */ = {
			isa = PBXTargetDependency;
			target = 2DF080471AE625410003A277 /* TextMuse */;
			targetProxy = 2DF080621AE625410003A277 /* PBXContainerItemProxy */;
		};
/* End PBXTargetDependency section */

/* Begin XCBuildConfiguration section */
		2DF080691AE625410003A277 /* Debug */ = {
			isa = XCBuildConfiguration;
			buildSettings = {
				ALWAYS_SEARCH_USER_PATHS = NO;
				CLANG_CXX_LANGUAGE_STANDARD = "gnu++0x";
				CLANG_CXX_LIBRARY = "libc++";
				CLANG_ENABLE_MODULES = YES;
				CLANG_ENABLE_OBJC_ARC = YES;
				CLANG_WARN_BOOL_CONVERSION = YES;
				CLANG_WARN_CONSTANT_CONVERSION = YES;
				CLANG_WARN_DIRECT_OBJC_ISA_USAGE = YES_ERROR;
				CLANG_WARN_EMPTY_BODY = YES;
				CLANG_WARN_ENUM_CONVERSION = YES;
				CLANG_WARN_INT_CONVERSION = YES;
				CLANG_WARN_OBJC_ROOT_CLASS = YES_ERROR;
				CLANG_WARN_UNREACHABLE_CODE = YES;
				CLANG_WARN__DUPLICATE_METHOD_MATCH = YES;
				"CODE_SIGN_IDENTITY[sdk=iphoneos*]" = "iPhone Developer";
				COPY_PHASE_STRIP = NO;
				DEBUG_INFORMATION_FORMAT = "dwarf-with-dsym";
				ENABLE_STRICT_OBJC_MSGSEND = YES;
				ENABLE_TESTABILITY = YES;
				GCC_C_LANGUAGE_STANDARD = gnu99;
				GCC_DYNAMIC_NO_PIC = NO;
				GCC_NO_COMMON_BLOCKS = YES;
				GCC_OPTIMIZATION_LEVEL = 0;
				GCC_PREPROCESSOR_DEFINITIONS = (
					"DEBUG=1",
					"$(inherited)",
				);
				GCC_SYMBOLS_PRIVATE_EXTERN = NO;
				GCC_WARN_64_TO_32_BIT_CONVERSION = YES;
				GCC_WARN_ABOUT_RETURN_TYPE = YES_ERROR;
				GCC_WARN_UNDECLARED_SELECTOR = YES;
				GCC_WARN_UNINITIALIZED_AUTOS = YES_AGGRESSIVE;
				GCC_WARN_UNUSED_FUNCTION = YES;
				GCC_WARN_UNUSED_VARIABLE = YES;
				IPHONEOS_DEPLOYMENT_TARGET = 9.0;
				MTL_ENABLE_DEBUG_INFO = YES;
				ONLY_ACTIVE_ARCH = YES;
				SDKROOT = iphoneos;
			};
			name = Debug;
		};
		2DF0806A1AE625410003A277 /* Release */ = {
			isa = XCBuildConfiguration;
			buildSettings = {
				ALWAYS_SEARCH_USER_PATHS = NO;
				CLANG_CXX_LANGUAGE_STANDARD = "gnu++0x";
				CLANG_CXX_LIBRARY = "libc++";
				CLANG_ENABLE_MODULES = YES;
				CLANG_ENABLE_OBJC_ARC = YES;
				CLANG_WARN_BOOL_CONVERSION = YES;
				CLANG_WARN_CONSTANT_CONVERSION = YES;
				CLANG_WARN_DIRECT_OBJC_ISA_USAGE = YES_ERROR;
				CLANG_WARN_EMPTY_BODY = YES;
				CLANG_WARN_ENUM_CONVERSION = YES;
				CLANG_WARN_INT_CONVERSION = YES;
				CLANG_WARN_OBJC_ROOT_CLASS = YES_ERROR;
				CLANG_WARN_UNREACHABLE_CODE = YES;
				CLANG_WARN__DUPLICATE_METHOD_MATCH = YES;
				"CODE_SIGN_IDENTITY[sdk=iphoneos*]" = "iPhone Developer";
				COPY_PHASE_STRIP = NO;
				DEBUG_INFORMATION_FORMAT = "dwarf-with-dsym";
				ENABLE_NS_ASSERTIONS = NO;
				ENABLE_STRICT_OBJC_MSGSEND = YES;
				GCC_C_LANGUAGE_STANDARD = gnu99;
				GCC_NO_COMMON_BLOCKS = YES;
				GCC_WARN_64_TO_32_BIT_CONVERSION = YES;
				GCC_WARN_ABOUT_RETURN_TYPE = YES_ERROR;
				GCC_WARN_UNDECLARED_SELECTOR = YES;
				GCC_WARN_UNINITIALIZED_AUTOS = YES_AGGRESSIVE;
				GCC_WARN_UNUSED_FUNCTION = YES;
				GCC_WARN_UNUSED_VARIABLE = YES;
				IPHONEOS_DEPLOYMENT_TARGET = 9.0;
				MTL_ENABLE_DEBUG_INFO = NO;
				SDKROOT = iphoneos;
				VALIDATE_PRODUCT = YES;
			};
			name = Release;
		};
		2DF0806C1AE625410003A277 /* Debug */ = {
			isa = XCBuildConfiguration;
			buildSettings = {
				ASSETCATALOG_COMPILER_APPICON_NAME = AppIcon;
				ASSETCATALOG_COMPILER_LAUNCHIMAGE_NAME = LaunchImage;
				CODE_SIGN_IDENTITY = "iPhone Developer";
				"CODE_SIGN_IDENTITY[sdk=iphoneos*]" = "iPhone Developer";
				COMPRESS_PNG_FILES = YES;
				ENABLE_BITCODE = NO;
				FRAMEWORK_SEARCH_PATHS = (
					"$(inherited)",
					"/Users/petertucker/Documents/Consulting/azuresdk-iOS-v1.2.4",
				);
				INFOPLIST_FILE = TextMuse3/Info.plist;
				IPHONEOS_DEPLOYMENT_TARGET = 7.0;
				LD_RUNPATH_SEARCH_PATHS = "$(inherited) @executable_path/Frameworks";
				PRODUCT_BUNDLE_IDENTIFIER = "com.laloosh.$(PRODUCT_NAME:rfc1034identifier)";
				PRODUCT_NAME = TextMuse;
				PROVISIONING_PROFILE = "";
				TARGETED_DEVICE_FAMILY = 1;
			};
			name = Debug;
		};
		2DF0806D1AE625410003A277 /* Release */ = {
			isa = XCBuildConfiguration;
			buildSettings = {
				ASSETCATALOG_COMPILER_APPICON_NAME = AppIcon;
				ASSETCATALOG_COMPILER_LAUNCHIMAGE_NAME = LaunchImage;
				CODE_SIGN_IDENTITY = "iPhone Developer";
				"CODE_SIGN_IDENTITY[sdk=iphoneos*]" = "iPhone Developer";
				COMPRESS_PNG_FILES = YES;
				ENABLE_BITCODE = NO;
				FRAMEWORK_SEARCH_PATHS = (
					"$(inherited)",
					"/Users/petertucker/Documents/Consulting/azuresdk-iOS-v1.2.4",
				);
				INFOPLIST_FILE = TextMuse3/Info.plist;
				IPHONEOS_DEPLOYMENT_TARGET = 7.0;
				LD_RUNPATH_SEARCH_PATHS = "$(inherited) @executable_path/Frameworks";
				PRODUCT_BUNDLE_IDENTIFIER = "com.laloosh.$(PRODUCT_NAME:rfc1034identifier)";
				PRODUCT_NAME = TextMuse;
				PROVISIONING_PROFILE = "";
				TARGETED_DEVICE_FAMILY = 1;
			};
			name = Release;
		};
		2DF0806F1AE625410003A277 /* Debug */ = {
			isa = XCBuildConfiguration;
			buildSettings = {
				BUNDLE_LOADER = "$(TEST_HOST)";
				FRAMEWORK_SEARCH_PATHS = (
					"$(SDKROOT)/Developer/Library/Frameworks",
					"$(inherited)",
				);
				GCC_PREPROCESSOR_DEFINITIONS = (
					"DEBUG=1",
					"$(inherited)",
				);
				INFOPLIST_FILE = TextMuse3Tests/Info.plist;
				LD_RUNPATH_SEARCH_PATHS = "$(inherited) @executable_path/Frameworks @loader_path/Frameworks";
				PRODUCT_BUNDLE_IDENTIFIER = "com.laloosh.$(PRODUCT_NAME:rfc1034identifier)";
				PRODUCT_NAME = TextMuseTests;
				TEST_HOST = "$(BUILT_PRODUCTS_DIR)/TextMuse.app/TextMuse";
			};
			name = Debug;
		};
		2DF080701AE625410003A277 /* Release */ = {
			isa = XCBuildConfiguration;
			buildSettings = {
				BUNDLE_LOADER = "$(TEST_HOST)";
				FRAMEWORK_SEARCH_PATHS = (
					"$(SDKROOT)/Developer/Library/Frameworks",
					"$(inherited)",
				);
				INFOPLIST_FILE = TextMuse3Tests/Info.plist;
				LD_RUNPATH_SEARCH_PATHS = "$(inherited) @executable_path/Frameworks @loader_path/Frameworks";
				PRODUCT_BUNDLE_IDENTIFIER = "com.laloosh.$(PRODUCT_NAME:rfc1034identifier)";
				PRODUCT_NAME = TextMuseTests;
				TEST_HOST = "$(BUILT_PRODUCTS_DIR)/TextMuse.app/TextMuse";
			};
			name = Release;
		};
/* End XCBuildConfiguration section */

/* Begin XCConfigurationList section */
		2DF080431AE625410003A277 /* Build configuration list for PBXProject "TextMuse" */ = {
			isa = XCConfigurationList;
			buildConfigurations = (
				2DF080691AE625410003A277 /* Debug */,
				2DF0806A1AE625410003A277 /* Release */,
			);
			defaultConfigurationIsVisible = 0;
			defaultConfigurationName = Release;
		};
		2DF0806B1AE625410003A277 /* Build configuration list for PBXNativeTarget "TextMuse" */ = {
			isa = XCConfigurationList;
			buildConfigurations = (
				2DF0806C1AE625410003A277 /* Debug */,
				2DF0806D1AE625410003A277 /* Release */,
			);
			defaultConfigurationIsVisible = 0;
			defaultConfigurationName = Release;
		};
		2DF0806E1AE625410003A277 /* Build configuration list for PBXNativeTarget "TextMuseTests" */ = {
			isa = XCConfigurationList;
			buildConfigurations = (
				2DF0806F1AE625410003A277 /* Debug */,
				2DF080701AE625410003A277 /* Release */,
			);
			defaultConfigurationIsVisible = 0;
			defaultConfigurationName = Release;
		};
/* End XCConfigurationList section */
	};
	rootObject = 2DF080401AE625410003A277 /* Project object */;
}
